// !$*UTF8*$!
{
	archiveVersion = 1;
	classes = {
	};
	objectVersion = 56;
	objects = {

/* Begin PBXBuildFile section */
		43342C4128F24606004B9EE5 /* README.md in Resources */ = {isa = PBXBuildFile; fileRef = 43342C4028F24606004B9EE5 /* README.md */; };
		4369B8B328ECB1E0007B7935 /* DateCounterApp.swift in Sources */ = {isa = PBXBuildFile; fileRef = 4369B8B228ECB1E0007B7935 /* DateCounterApp.swift */; };
		4369B8B528ECB1E0007B7935 /* Persistence.swift in Sources */ = {isa = PBXBuildFile; fileRef = 4369B8B428ECB1E0007B7935 /* Persistence.swift */; };
		4369B8B828ECB1E0007B7935 /* DateCounter.xcdatamodeld in Sources */ = {isa = PBXBuildFile; fileRef = 4369B8B628ECB1E0007B7935 /* DateCounter.xcdatamodeld */; };
		4369B8BA28ECB1E0007B7935 /* ContentView.swift in Sources */ = {isa = PBXBuildFile; fileRef = 4369B8B928ECB1E0007B7935 /* ContentView.swift */; };
		4369B8BC28ECB1E1007B7935 /* Assets.xcassets in Resources */ = {isa = PBXBuildFile; fileRef = 4369B8BB28ECB1E1007B7935 /* Assets.xcassets */; };
		4369B8C028ECB1E1007B7935 /* Preview Assets.xcassets in Resources */ = {isa = PBXBuildFile; fileRef = 4369B8BF28ECB1E1007B7935 /* Preview Assets.xcassets */; };
		4369B8CA28ECB1E1007B7935 /* DateCounterTests.swift in Sources */ = {isa = PBXBuildFile; fileRef = 4369B8C928ECB1E1007B7935 /* DateCounterTests.swift */; };
		4369B8D428ECB1E1007B7935 /* DateCounterUITests.swift in Sources */ = {isa = PBXBuildFile; fileRef = 4369B8D328ECB1E1007B7935 /* DateCounterUITests.swift */; };
		4369B8D628ECB1E1007B7935 /* DateCounterUITestsLaunchTests.swift in Sources */ = {isa = PBXBuildFile; fileRef = 4369B8D528ECB1E1007B7935 /* DateCounterUITestsLaunchTests.swift */; };
		43F0D2232904ACE6004C1D8E /* EventListRow.swift in Sources */ = {isa = PBXBuildFile; fileRef = 43F0D2222904ACE6004C1D8E /* EventListRow.swift */; };
		43F0D2252904CB73004C1D8E /* Preferences.swift in Sources */ = {isa = PBXBuildFile; fileRef = 43F0D2242904CB73004C1D8E /* Preferences.swift */; };
		BF1E20A928F5968A00D688B0 /* FilteredList.swift in Sources */ = {isa = PBXBuildFile; fileRef = BF1E20A828F5968A00D688B0 /* FilteredList.swift */; };
		BF7821CC290174A600838000 /* DateCounterCommands.swift in Sources */ = {isa = PBXBuildFile; fileRef = BF7821CB290174A600838000 /* DateCounterCommands.swift */; };
		BFEE1CD828EF6BF4004E52D8 /* DetailView.swift in Sources */ = {isa = PBXBuildFile; fileRef = BFEE1CD728EF6BF4004E52D8 /* DetailView.swift */; };
		BFEE1CDA28EF78DF004E52D8 /* AddEventView.swift in Sources */ = {isa = PBXBuildFile; fileRef = BFEE1CD928EF78DF004E52D8 /* AddEventView.swift */; };
/* End PBXBuildFile section */

/* Begin PBXContainerItemProxy section */
		4369B8C628ECB1E1007B7935 /* PBXContainerItemProxy */ = {
			isa = PBXContainerItemProxy;
			containerPortal = 4369B8A728ECB1E0007B7935 /* Project object */;
			proxyType = 1;
			remoteGlobalIDString = 4369B8AE28ECB1E0007B7935;
			remoteInfo = DateCounter;
		};
		4369B8D028ECB1E1007B7935 /* PBXContainerItemProxy */ = {
			isa = PBXContainerItemProxy;
			containerPortal = 4369B8A728ECB1E0007B7935 /* Project object */;
			proxyType = 1;
			remoteGlobalIDString = 4369B8AE28ECB1E0007B7935;
			remoteInfo = DateCounter;
		};
/* End PBXContainerItemProxy section */

/* Begin PBXFileReference section */
		43342C4028F24606004B9EE5 /* README.md */ = {isa = PBXFileReference; fileEncoding = 4; lastKnownFileType = net.daringfireball.markdown; path = README.md; sourceTree = "<group>"; };
		4369B8AF28ECB1E0007B7935 /* DateCounter.app */ = {isa = PBXFileReference; explicitFileType = wrapper.application; includeInIndex = 0; path = DateCounter.app; sourceTree = BUILT_PRODUCTS_DIR; };
		4369B8B228ECB1E0007B7935 /* DateCounterApp.swift */ = {isa = PBXFileReference; lastKnownFileType = sourcecode.swift; path = DateCounterApp.swift; sourceTree = "<group>"; };
		4369B8B428ECB1E0007B7935 /* Persistence.swift */ = {isa = PBXFileReference; lastKnownFileType = sourcecode.swift; path = Persistence.swift; sourceTree = "<group>"; };
		4369B8B728ECB1E0007B7935 /* DateCounter.xcdatamodel */ = {isa = PBXFileReference; lastKnownFileType = wrapper.xcdatamodel; path = DateCounter.xcdatamodel; sourceTree = "<group>"; };
		4369B8B928ECB1E0007B7935 /* ContentView.swift */ = {isa = PBXFileReference; lastKnownFileType = sourcecode.swift; path = ContentView.swift; sourceTree = "<group>"; };
		4369B8BB28ECB1E1007B7935 /* Assets.xcassets */ = {isa = PBXFileReference; lastKnownFileType = folder.assetcatalog; path = Assets.xcassets; sourceTree = "<group>"; };
		4369B8BD28ECB1E1007B7935 /* DateCounter.entitlements */ = {isa = PBXFileReference; lastKnownFileType = text.plist.entitlements; path = DateCounter.entitlements; sourceTree = "<group>"; };
		4369B8BF28ECB1E1007B7935 /* Preview Assets.xcassets */ = {isa = PBXFileReference; lastKnownFileType = folder.assetcatalog; path = "Preview Assets.xcassets"; sourceTree = "<group>"; };
		4369B8C528ECB1E1007B7935 /* DateCounterTests.xctest */ = {isa = PBXFileReference; explicitFileType = wrapper.cfbundle; includeInIndex = 0; path = DateCounterTests.xctest; sourceTree = BUILT_PRODUCTS_DIR; };
		4369B8C928ECB1E1007B7935 /* DateCounterTests.swift */ = {isa = PBXFileReference; lastKnownFileType = sourcecode.swift; path = DateCounterTests.swift; sourceTree = "<group>"; };
		4369B8CF28ECB1E1007B7935 /* DateCounterUITests.xctest */ = {isa = PBXFileReference; explicitFileType = wrapper.cfbundle; includeInIndex = 0; path = DateCounterUITests.xctest; sourceTree = BUILT_PRODUCTS_DIR; };
		4369B8D328ECB1E1007B7935 /* DateCounterUITests.swift */ = {isa = PBXFileReference; lastKnownFileType = sourcecode.swift; path = DateCounterUITests.swift; sourceTree = "<group>"; };
		4369B8D528ECB1E1007B7935 /* DateCounterUITestsLaunchTests.swift */ = {isa = PBXFileReference; lastKnownFileType = sourcecode.swift; path = DateCounterUITestsLaunchTests.swift; sourceTree = "<group>"; };
		43F0D2222904ACE6004C1D8E /* EventListRow.swift */ = {isa = PBXFileReference; lastKnownFileType = sourcecode.swift; path = EventListRow.swift; sourceTree = "<group>"; };
		43F0D2242904CB73004C1D8E /* Preferences.swift */ = {isa = PBXFileReference; fileEncoding = 4; lastKnownFileType = sourcecode.swift; path = Preferences.swift; sourceTree = "<group>"; };
		BF1E20A828F5968A00D688B0 /* FilteredList.swift */ = {isa = PBXFileReference; lastKnownFileType = sourcecode.swift; path = FilteredList.swift; sourceTree = "<group>"; };
		BF7821CB290174A600838000 /* DateCounterCommands.swift */ = {isa = PBXFileReference; lastKnownFileType = sourcecode.swift; path = DateCounterCommands.swift; sourceTree = "<group>"; };
		BFEE1CD728EF6BF4004E52D8 /* DetailView.swift */ = {isa = PBXFileReference; lastKnownFileType = sourcecode.swift; path = DetailView.swift; sourceTree = "<group>"; };
		BFEE1CD928EF78DF004E52D8 /* AddEventView.swift */ = {isa = PBXFileReference; lastKnownFileType = sourcecode.swift; path = AddEventView.swift; sourceTree = "<group>"; };
/* End PBXFileReference section */

/* Begin PBXFrameworksBuildPhase section */
		4369B8AC28ECB1E0007B7935 /* Frameworks */ = {
			isa = PBXFrameworksBuildPhase;
			buildActionMask = 2147483647;
			files = (
			);
			runOnlyForDeploymentPostprocessing = 0;
		};
		4369B8C228ECB1E1007B7935 /* Frameworks */ = {
			isa = PBXFrameworksBuildPhase;
			buildActionMask = 2147483647;
			files = (
			);
			runOnlyForDeploymentPostprocessing = 0;
		};
		4369B8CC28ECB1E1007B7935 /* Frameworks */ = {
			isa = PBXFrameworksBuildPhase;
			buildActionMask = 2147483647;
			files = (
			);
			runOnlyForDeploymentPostprocessing = 0;
		};
/* End PBXFrameworksBuildPhase section */

/* Begin PBXGroup section */
		4369B8A628ECB1E0007B7935 = {
			isa = PBXGroup;
			children = (
				43342C4028F24606004B9EE5 /* README.md */,
				4369B8B128ECB1E0007B7935 /* DateCounter */,
				4369B8C828ECB1E1007B7935 /* DateCounterTests */,
				4369B8D228ECB1E1007B7935 /* DateCounterUITests */,
				4369B8B028ECB1E0007B7935 /* Products */,
			);
			sourceTree = "<group>";
		};
		4369B8B028ECB1E0007B7935 /* Products */ = {
			isa = PBXGroup;
			children = (
				4369B8AF28ECB1E0007B7935 /* DateCounter.app */,
				4369B8C528ECB1E1007B7935 /* DateCounterTests.xctest */,
				4369B8CF28ECB1E1007B7935 /* DateCounterUITests.xctest */,
			);
			name = Products;
			sourceTree = "<group>";
		};
		4369B8B128ECB1E0007B7935 /* DateCounter */ = {
			isa = PBXGroup;
			children = (
				4369B8B228ECB1E0007B7935 /* DateCounterApp.swift */,
				43F0D2212904AC1A004C1D8E /* Resources */,
				BFAF742F291416290047F42B /* Model */,
				43F0D21F2904AC0E004C1D8E /* Views */,
				4369B8BB28ECB1E1007B7935 /* Assets.xcassets */,
				4369B8BD28ECB1E1007B7935 /* DateCounter.entitlements */,
				4369B8B628ECB1E0007B7935 /* DateCounter.xcdatamodeld */,
				4369B8BE28ECB1E1007B7935 /* Preview Content */,
			);
			path = DateCounter;
			sourceTree = "<group>";
		};
		4369B8BE28ECB1E1007B7935 /* Preview Content */ = {
			isa = PBXGroup;
			children = (
				4369B8BF28ECB1E1007B7935 /* Preview Assets.xcassets */,
			);
			path = "Preview Content";
			sourceTree = "<group>";
		};
		4369B8C828ECB1E1007B7935 /* DateCounterTests */ = {
			isa = PBXGroup;
			children = (
				4369B8C928ECB1E1007B7935 /* DateCounterTests.swift */,
			);
			path = DateCounterTests;
			sourceTree = "<group>";
		};
		4369B8D228ECB1E1007B7935 /* DateCounterUITests */ = {
			isa = PBXGroup;
			children = (
				4369B8D328ECB1E1007B7935 /* DateCounterUITests.swift */,
				4369B8D528ECB1E1007B7935 /* DateCounterUITestsLaunchTests.swift */,
			);
			path = DateCounterUITests;
			sourceTree = "<group>";
		};
		43F0D21F2904AC0E004C1D8E /* Views */ = {
			isa = PBXGroup;
			children = (
				4369B8B928ECB1E0007B7935 /* ContentView.swift */,
				BFEE1CD928EF78DF004E52D8 /* AddEventView.swift */,
				BFEE1CD728EF6BF4004E52D8 /* DetailView.swift */,
				BF1E20A828F5968A00D688B0 /* FilteredList.swift */,
				43F0D2222904ACE6004C1D8E /* EventListRow.swift */,
				43F0D2242904CB73004C1D8E /* Preferences.swift */,
			);
			path = Views;
			sourceTree = "<group>";
		};
		43F0D2212904AC1A004C1D8E /* Resources */ = {
			isa = PBXGroup;
			children = (
				BF7821CB290174A600838000 /* DateCounterCommands.swift */,
				4369B8B428ECB1E0007B7935 /* Persistence.swift */,
			);
			path = Resources;
			sourceTree = "<group>";
		};
		BFAF742F291416290047F42B /* Model */ = {
			isa = PBXGroup;
			children = (
			);
			path = Model;
			sourceTree = "<group>";
		};
/* End PBXGroup section */

/* Begin PBXNativeTarget section */
		4369B8AE28ECB1E0007B7935 /* DateCounter */ = {
			isa = PBXNativeTarget;
			buildConfigurationList = 4369B8D928ECB1E1007B7935 /* Build configuration list for PBXNativeTarget "DateCounter" */;
			buildPhases = (
				4369B8AB28ECB1E0007B7935 /* Sources */,
				4369B8AC28ECB1E0007B7935 /* Frameworks */,
				4369B8AD28ECB1E0007B7935 /* Resources */,
			);
			buildRules = (
			);
			dependencies = (
			);
			name = DateCounter;
			productName = DateCounter;
			productReference = 4369B8AF28ECB1E0007B7935 /* DateCounter.app */;
			productType = "com.apple.product-type.application";
		};
		4369B8C428ECB1E1007B7935 /* DateCounterTests */ = {
			isa = PBXNativeTarget;
			buildConfigurationList = 4369B8DC28ECB1E1007B7935 /* Build configuration list for PBXNativeTarget "DateCounterTests" */;
			buildPhases = (
				4369B8C128ECB1E1007B7935 /* Sources */,
				4369B8C228ECB1E1007B7935 /* Frameworks */,
				4369B8C328ECB1E1007B7935 /* Resources */,
			);
			buildRules = (
			);
			dependencies = (
				4369B8C728ECB1E1007B7935 /* PBXTargetDependency */,
			);
			name = DateCounterTests;
			productName = DateCounterTests;
			productReference = 4369B8C528ECB1E1007B7935 /* DateCounterTests.xctest */;
			productType = "com.apple.product-type.bundle.unit-test";
		};
		4369B8CE28ECB1E1007B7935 /* DateCounterUITests */ = {
			isa = PBXNativeTarget;
			buildConfigurationList = 4369B8DF28ECB1E1007B7935 /* Build configuration list for PBXNativeTarget "DateCounterUITests" */;
			buildPhases = (
				4369B8CB28ECB1E1007B7935 /* Sources */,
				4369B8CC28ECB1E1007B7935 /* Frameworks */,
				4369B8CD28ECB1E1007B7935 /* Resources */,
			);
			buildRules = (
			);
			dependencies = (
				4369B8D128ECB1E1007B7935 /* PBXTargetDependency */,
			);
			name = DateCounterUITests;
			productName = DateCounterUITests;
			productReference = 4369B8CF28ECB1E1007B7935 /* DateCounterUITests.xctest */;
			productType = "com.apple.product-type.bundle.ui-testing";
		};
/* End PBXNativeTarget section */

/* Begin PBXProject section */
		4369B8A728ECB1E0007B7935 /* Project object */ = {
			isa = PBXProject;
			attributes = {
				BuildIndependentTargetsInParallel = 1;
				LastSwiftUpdateCheck = 1400;
				LastUpgradeCheck = 1400;
				TargetAttributes = {
					4369B8AE28ECB1E0007B7935 = {
						CreatedOnToolsVersion = 14.0.1;
					};
					4369B8C428ECB1E1007B7935 = {
						CreatedOnToolsVersion = 14.0.1;
						TestTargetID = 4369B8AE28ECB1E0007B7935;
					};
					4369B8CE28ECB1E1007B7935 = {
						CreatedOnToolsVersion = 14.0.1;
						TestTargetID = 4369B8AE28ECB1E0007B7935;
					};
				};
			};
			buildConfigurationList = 4369B8AA28ECB1E0007B7935 /* Build configuration list for PBXProject "DateCounter" */;
			compatibilityVersion = "Xcode 14.0";
			developmentRegion = en;
			hasScannedForEncodings = 0;
			knownRegions = (
				en,
				Base,
			);
			mainGroup = 4369B8A628ECB1E0007B7935;
			productRefGroup = 4369B8B028ECB1E0007B7935 /* Products */;
			projectDirPath = "";
			projectRoot = "";
			targets = (
				4369B8AE28ECB1E0007B7935 /* DateCounter */,
				4369B8C428ECB1E1007B7935 /* DateCounterTests */,
				4369B8CE28ECB1E1007B7935 /* DateCounterUITests */,
			);
		};
/* End PBXProject section */

/* Begin PBXResourcesBuildPhase section */
		4369B8AD28ECB1E0007B7935 /* Resources */ = {
			isa = PBXResourcesBuildPhase;
			buildActionMask = 2147483647;
			files = (
				43342C4128F24606004B9EE5 /* README.md in Resources */,
				4369B8C028ECB1E1007B7935 /* Preview Assets.xcassets in Resources */,
				4369B8BC28ECB1E1007B7935 /* Assets.xcassets in Resources */,
			);
			runOnlyForDeploymentPostprocessing = 0;
		};
		4369B8C328ECB1E1007B7935 /* Resources */ = {
			isa = PBXResourcesBuildPhase;
			buildActionMask = 2147483647;
			files = (
			);
			runOnlyForDeploymentPostprocessing = 0;
		};
		4369B8CD28ECB1E1007B7935 /* Resources */ = {
			isa = PBXResourcesBuildPhase;
			buildActionMask = 2147483647;
			files = (
			);
			runOnlyForDeploymentPostprocessing = 0;
		};
/* End PBXResourcesBuildPhase section */

/* Begin PBXSourcesBuildPhase section */
		4369B8AB28ECB1E0007B7935 /* Sources */ = {
			isa = PBXSourcesBuildPhase;
			buildActionMask = 2147483647;
			files = (
				4369B8B328ECB1E0007B7935 /* DateCounterApp.swift in Sources */,
				BFEE1CDA28EF78DF004E52D8 /* AddEventView.swift in Sources */,
				43F0D2232904ACE6004C1D8E /* EventListRow.swift in Sources */,
				4369B8B528ECB1E0007B7935 /* Persistence.swift in Sources */,
				43F0D2252904CB73004C1D8E /* Preferences.swift in Sources */,
				4369B8BA28ECB1E0007B7935 /* ContentView.swift in Sources */,
				BF7821CC290174A600838000 /* DateCounterCommands.swift in Sources */,
				BFEE1CD828EF6BF4004E52D8 /* DetailView.swift in Sources */,
				4369B8B828ECB1E0007B7935 /* DateCounter.xcdatamodeld in Sources */,
				BF1E20A928F5968A00D688B0 /* FilteredList.swift in Sources */,
			);
			runOnlyForDeploymentPostprocessing = 0;
		};
		4369B8C128ECB1E1007B7935 /* Sources */ = {
			isa = PBXSourcesBuildPhase;
			buildActionMask = 2147483647;
			files = (
				4369B8CA28ECB1E1007B7935 /* DateCounterTests.swift in Sources */,
			);
			runOnlyForDeploymentPostprocessing = 0;
		};
		4369B8CB28ECB1E1007B7935 /* Sources */ = {
			isa = PBXSourcesBuildPhase;
			buildActionMask = 2147483647;
			files = (
				4369B8D428ECB1E1007B7935 /* DateCounterUITests.swift in Sources */,
				4369B8D628ECB1E1007B7935 /* DateCounterUITestsLaunchTests.swift in Sources */,
			);
			runOnlyForDeploymentPostprocessing = 0;
		};
/* End PBXSourcesBuildPhase section */

/* Begin PBXTargetDependency section */
		4369B8C728ECB1E1007B7935 /* PBXTargetDependency */ = {
			isa = PBXTargetDependency;
			target = 4369B8AE28ECB1E0007B7935 /* DateCounter */;
			targetProxy = 4369B8C628ECB1E1007B7935 /* PBXContainerItemProxy */;
		};
		4369B8D128ECB1E1007B7935 /* PBXTargetDependency */ = {
			isa = PBXTargetDependency;
			target = 4369B8AE28ECB1E0007B7935 /* DateCounter */;
			targetProxy = 4369B8D028ECB1E1007B7935 /* PBXContainerItemProxy */;
		};
/* End PBXTargetDependency section */

/* Begin XCBuildConfiguration section */
		4369B8D728ECB1E1007B7935 /* Debug */ = {
			isa = XCBuildConfiguration;
			buildSettings = {
				ALWAYS_SEARCH_USER_PATHS = NO;
				CLANG_ANALYZER_NONNULL = YES;
				CLANG_ANALYZER_NUMBER_OBJECT_CONVERSION = YES_AGGRESSIVE;
				CLANG_CXX_LANGUAGE_STANDARD = "gnu++20";
				CLANG_ENABLE_MODULES = YES;
				CLANG_ENABLE_OBJC_ARC = YES;
				CLANG_ENABLE_OBJC_WEAK = YES;
				CLANG_WARN_BLOCK_CAPTURE_AUTORELEASING = YES;
				CLANG_WARN_BOOL_CONVERSION = YES;
				CLANG_WARN_COMMA = YES;
				CLANG_WARN_CONSTANT_CONVERSION = YES;
				CLANG_WARN_DEPRECATED_OBJC_IMPLEMENTATIONS = YES;
				CLANG_WARN_DIRECT_OBJC_ISA_USAGE = YES_ERROR;
				CLANG_WARN_DOCUMENTATION_COMMENTS = YES;
				CLANG_WARN_EMPTY_BODY = YES;
				CLANG_WARN_ENUM_CONVERSION = YES;
				CLANG_WARN_INFINITE_RECURSION = YES;
				CLANG_WARN_INT_CONVERSION = YES;
				CLANG_WARN_NON_LITERAL_NULL_CONVERSION = YES;
				CLANG_WARN_OBJC_IMPLICIT_RETAIN_SELF = YES;
				CLANG_WARN_OBJC_LITERAL_CONVERSION = YES;
				CLANG_WARN_OBJC_ROOT_CLASS = YES_ERROR;
				CLANG_WARN_QUOTED_INCLUDE_IN_FRAMEWORK_HEADER = YES;
				CLANG_WARN_RANGE_LOOP_ANALYSIS = YES;
				CLANG_WARN_STRICT_PROTOTYPES = YES;
				CLANG_WARN_SUSPICIOUS_MOVE = YES;
				CLANG_WARN_UNGUARDED_AVAILABILITY = YES_AGGRESSIVE;
				CLANG_WARN_UNREACHABLE_CODE = YES;
				CLANG_WARN__DUPLICATE_METHOD_MATCH = YES;
				COPY_PHASE_STRIP = NO;
				DEBUG_INFORMATION_FORMAT = dwarf;
				ENABLE_STRICT_OBJC_MSGSEND = YES;
				ENABLE_TESTABILITY = YES;
				GCC_C_LANGUAGE_STANDARD = gnu11;
				GCC_DYNAMIC_NO_PIC = NO;
				GCC_NO_COMMON_BLOCKS = YES;
				GCC_OPTIMIZATION_LEVEL = 0;
				GCC_PREPROCESSOR_DEFINITIONS = (
					"DEBUG=1",
					"$(inherited)",
				);
				GCC_WARN_64_TO_32_BIT_CONVERSION = YES;
				GCC_WARN_ABOUT_RETURN_TYPE = YES_ERROR;
				GCC_WARN_UNDECLARED_SELECTOR = YES;
				GCC_WARN_UNINITIALIZED_AUTOS = YES_AGGRESSIVE;
				GCC_WARN_UNUSED_FUNCTION = YES;
				GCC_WARN_UNUSED_VARIABLE = YES;
				IPHONEOS_DEPLOYMENT_TARGET = 15.0;
				MACOSX_DEPLOYMENT_TARGET = 12.0;
				MTL_ENABLE_DEBUG_INFO = INCLUDE_SOURCE;
				MTL_FAST_MATH = YES;
				ONLY_ACTIVE_ARCH = YES;
				SWIFT_ACTIVE_COMPILATION_CONDITIONS = DEBUG;
				SWIFT_OPTIMIZATION_LEVEL = "-Onone";
			};
			name = Debug;
		};
		4369B8D828ECB1E1007B7935 /* Release */ = {
			isa = XCBuildConfiguration;
			buildSettings = {
				ALWAYS_SEARCH_USER_PATHS = NO;
				CLANG_ANALYZER_NONNULL = YES;
				CLANG_ANALYZER_NUMBER_OBJECT_CONVERSION = YES_AGGRESSIVE;
				CLANG_CXX_LANGUAGE_STANDARD = "gnu++20";
				CLANG_ENABLE_MODULES = YES;
				CLANG_ENABLE_OBJC_ARC = YES;
				CLANG_ENABLE_OBJC_WEAK = YES;
				CLANG_WARN_BLOCK_CAPTURE_AUTORELEASING = YES;
				CLANG_WARN_BOOL_CONVERSION = YES;
				CLANG_WARN_COMMA = YES;
				CLANG_WARN_CONSTANT_CONVERSION = YES;
				CLANG_WARN_DEPRECATED_OBJC_IMPLEMENTATIONS = YES;
				CLANG_WARN_DIRECT_OBJC_ISA_USAGE = YES_ERROR;
				CLANG_WARN_DOCUMENTATION_COMMENTS = YES;
				CLANG_WARN_EMPTY_BODY = YES;
				CLANG_WARN_ENUM_CONVERSION = YES;
				CLANG_WARN_INFINITE_RECURSION = YES;
				CLANG_WARN_INT_CONVERSION = YES;
				CLANG_WARN_NON_LITERAL_NULL_CONVERSION = YES;
				CLANG_WARN_OBJC_IMPLICIT_RETAIN_SELF = YES;
				CLANG_WARN_OBJC_LITERAL_CONVERSION = YES;
				CLANG_WARN_OBJC_ROOT_CLASS = YES_ERROR;
				CLANG_WARN_QUOTED_INCLUDE_IN_FRAMEWORK_HEADER = YES;
				CLANG_WARN_RANGE_LOOP_ANALYSIS = YES;
				CLANG_WARN_STRICT_PROTOTYPES = YES;
				CLANG_WARN_SUSPICIOUS_MOVE = YES;
				CLANG_WARN_UNGUARDED_AVAILABILITY = YES_AGGRESSIVE;
				CLANG_WARN_UNREACHABLE_CODE = YES;
				CLANG_WARN__DUPLICATE_METHOD_MATCH = YES;
				COPY_PHASE_STRIP = NO;
				DEBUG_INFORMATION_FORMAT = "dwarf-with-dsym";
				ENABLE_NS_ASSERTIONS = NO;
				ENABLE_STRICT_OBJC_MSGSEND = YES;
				GCC_C_LANGUAGE_STANDARD = gnu11;
				GCC_NO_COMMON_BLOCKS = YES;
				GCC_WARN_64_TO_32_BIT_CONVERSION = YES;
				GCC_WARN_ABOUT_RETURN_TYPE = YES_ERROR;
				GCC_WARN_UNDECLARED_SELECTOR = YES;
				GCC_WARN_UNINITIALIZED_AUTOS = YES_AGGRESSIVE;
				GCC_WARN_UNUSED_FUNCTION = YES;
				GCC_WARN_UNUSED_VARIABLE = YES;
				IPHONEOS_DEPLOYMENT_TARGET = 15.0;
				MACOSX_DEPLOYMENT_TARGET = 12.0;
				MTL_ENABLE_DEBUG_INFO = NO;
				MTL_FAST_MATH = YES;
				SWIFT_COMPILATION_MODE = wholemodule;
				SWIFT_OPTIMIZATION_LEVEL = "-O";
			};
			name = Release;
		};
		4369B8DA28ECB1E1007B7935 /* Debug */ = {
			isa = XCBuildConfiguration;
			buildSettings = {
				ASSETCATALOG_COMPILER_APPICON_NAME = AppIcon;
				ASSETCATALOG_COMPILER_GLOBAL_ACCENT_COLOR_NAME = AccentColor;
				CODE_SIGN_ENTITLEMENTS = DateCounter/DateCounter.entitlements;
				CODE_SIGN_STYLE = Automatic;
				CURRENT_PROJECT_VERSION = 1;
				DEVELOPMENT_ASSET_PATHS = "\"DateCounter/Preview Content\"";
				ENABLE_PREVIEWS = YES;
				GENERATE_INFOPLIST_FILE = YES;
				"INFOPLIST_KEY_UIApplicationSceneManifest_Generation[sdk=iphoneos*]" = YES;
				"INFOPLIST_KEY_UIApplicationSceneManifest_Generation[sdk=iphonesimulator*]" = YES;
				"INFOPLIST_KEY_UIApplicationSupportsIndirectInputEvents[sdk=iphoneos*]" = YES;
				"INFOPLIST_KEY_UIApplicationSupportsIndirectInputEvents[sdk=iphonesimulator*]" = YES;
				"INFOPLIST_KEY_UILaunchScreen_Generation[sdk=iphoneos*]" = YES;
				"INFOPLIST_KEY_UILaunchScreen_Generation[sdk=iphonesimulator*]" = YES;
				"INFOPLIST_KEY_UIStatusBarStyle[sdk=iphoneos*]" = UIStatusBarStyleDefault;
				"INFOPLIST_KEY_UIStatusBarStyle[sdk=iphonesimulator*]" = UIStatusBarStyleDefault;
				INFOPLIST_KEY_UISupportedInterfaceOrientations_iPad = "UIInterfaceOrientationPortrait UIInterfaceOrientationPortraitUpsideDown UIInterfaceOrientationLandscapeLeft UIInterfaceOrientationLandscapeRight";
				INFOPLIST_KEY_UISupportedInterfaceOrientations_iPhone = "UIInterfaceOrientationPortrait UIInterfaceOrientationLandscapeLeft UIInterfaceOrientationLandscapeRight";
				LD_RUNPATH_SEARCH_PATHS = "@executable_path/Frameworks";
				"LD_RUNPATH_SEARCH_PATHS[sdk=macosx*]" = "@executable_path/../Frameworks";
				MARKETING_VERSION = 1.0;
				PRODUCT_BUNDLE_IDENTIFIER = com.angelicameira.DateCounter;
				PRODUCT_NAME = "$(TARGET_NAME)";
				SDKROOT = auto;
				SUPPORTED_PLATFORMS = "iphoneos iphonesimulator macosx";
				SWIFT_EMIT_LOC_STRINGS = YES;
				SWIFT_VERSION = 5.0;
				TARGETED_DEVICE_FAMILY = "1,2";
			};
			name = Debug;
		};
		4369B8DB28ECB1E1007B7935 /* Release */ = {
			isa = XCBuildConfiguration;
			buildSettings = {
				ASSETCATALOG_COMPILER_APPICON_NAME = AppIcon;
				ASSETCATALOG_COMPILER_GLOBAL_ACCENT_COLOR_NAME = AccentColor;
				CODE_SIGN_ENTITLEMENTS = DateCounter/DateCounter.entitlements;
				CODE_SIGN_STYLE = Automatic;
				CURRENT_PROJECT_VERSION = 1;
				DEVELOPMENT_ASSET_PATHS = "\"DateCounter/Preview Content\"";
				ENABLE_PREVIEWS = YES;
				GENERATE_INFOPLIST_FILE = YES;
				"INFOPLIST_KEY_UIApplicationSceneManifest_Generation[sdk=iphoneos*]" = YES;
				"INFOPLIST_KEY_UIApplicationSceneManifest_Generation[sdk=iphonesimulator*]" = YES;
				"INFOPLIST_KEY_UIApplicationSupportsIndirectInputEvents[sdk=iphoneos*]" = YES;
				"INFOPLIST_KEY_UIApplicationSupportsIndirectInputEvents[sdk=iphonesimulator*]" = YES;
				"INFOPLIST_KEY_UILaunchScreen_Generation[sdk=iphoneos*]" = YES;
				"INFOPLIST_KEY_UILaunchScreen_Generation[sdk=iphonesimulator*]" = YES;
				"INFOPLIST_KEY_UIStatusBarStyle[sdk=iphoneos*]" = UIStatusBarStyleDefault;
				"INFOPLIST_KEY_UIStatusBarStyle[sdk=iphonesimulator*]" = UIStatusBarStyleDefault;
				INFOPLIST_KEY_UISupportedInterfaceOrientations_iPad = "UIInterfaceOrientationPortrait UIInterfaceOrientationPortraitUpsideDown UIInterfaceOrientationLandscapeLeft UIInterfaceOrientationLandscapeRight";
				INFOPLIST_KEY_UISupportedInterfaceOrientations_iPhone = "UIInterfaceOrientationPortrait UIInterfaceOrientationLandscapeLeft UIInterfaceOrientationLandscapeRight";
				LD_RUNPATH_SEARCH_PATHS = "@executable_path/Frameworks";
				"LD_RUNPATH_SEARCH_PATHS[sdk=macosx*]" = "@executable_path/../Frameworks";
				MARKETING_VERSION = 1.0;
				PRODUCT_BUNDLE_IDENTIFIER = com.angelicameira.DateCounter;
				PRODUCT_NAME = "$(TARGET_NAME)";
				SDKROOT = auto;
				SUPPORTED_PLATFORMS = "iphoneos iphonesimulator macosx";
				SWIFT_EMIT_LOC_STRINGS = YES;
				SWIFT_VERSION = 5.0;
				TARGETED_DEVICE_FAMILY = "1,2";
			};
			name = Release;
		};
		4369B8DD28ECB1E1007B7935 /* Debug */ = {
			isa = XCBuildConfiguration;
			buildSettings = {
				ALWAYS_EMBED_SWIFT_STANDARD_LIBRARIES = YES;
				BUNDLE_LOADER = "$(TEST_HOST)";
				CODE_SIGN_STYLE = Automatic;
				CURRENT_PROJECT_VERSION = 1;
				GENERATE_INFOPLIST_FILE = YES;
				IPHONEOS_DEPLOYMENT_TARGET = 16.0;
				MACOSX_DEPLOYMENT_TARGET = 12.3;
				MARKETING_VERSION = 1.0;
				PRODUCT_BUNDLE_IDENTIFIER = com.angelicameira.DateCounterTests;
				PRODUCT_NAME = "$(TARGET_NAME)";
				SDKROOT = auto;
				SUPPORTED_PLATFORMS = "iphoneos iphonesimulator macosx";
				SWIFT_EMIT_LOC_STRINGS = NO;
				SWIFT_VERSION = 5.0;
				TARGETED_DEVICE_FAMILY = "1,2";
				TEST_HOST = "$(BUILT_PRODUCTS_DIR)/DateCounter.app/$(BUNDLE_EXECUTABLE_FOLDER_PATH)/DateCounter";
			};
			name = Debug;
		};
		4369B8DE28ECB1E1007B7935 /* Release */ = {
			isa = XCBuildConfiguration;
			buildSettings = {
				ALWAYS_EMBED_SWIFT_STANDARD_LIBRARIES = YES;
				BUNDLE_LOADER = "$(TEST_HOST)";
				CODE_SIGN_STYLE = Automatic;
				CURRENT_PROJECT_VERSION = 1;
				GENERATE_INFOPLIST_FILE = YES;
				IPHONEOS_DEPLOYMENT_TARGET = 16.0;
				MACOSX_DEPLOYMENT_TARGET = 12.3;
				MARKETING_VERSION = 1.0;
				PRODUCT_BUNDLE_IDENTIFIER = com.angelicameira.DateCounterTests;
				PRODUCT_NAME = "$(TARGET_NAME)";
				SDKROOT = auto;
				SUPPORTED_PLATFORMS = "iphoneos iphonesimulator macosx";
				SWIFT_EMIT_LOC_STRINGS = NO;
				SWIFT_VERSION = 5.0;
				TARGETED_DEVICE_FAMILY = "1,2";
				TEST_HOST = "$(BUILT_PRODUCTS_DIR)/DateCounter.app/$(BUNDLE_EXECUTABLE_FOLDER_PATH)/DateCounter";
			};
			name = Release;
		};
		4369B8E028ECB1E1007B7935 /* Debug */ = {
			isa = XCBuildConfiguration;
			buildSettings = {
				ALWAYS_EMBED_SWIFT_STANDARD_LIBRARIES = YES;
				CODE_SIGN_STYLE = Automatic;
				CURRENT_PROJECT_VERSION = 1;
				GENERATE_INFOPLIST_FILE = YES;
				IPHONEOS_DEPLOYMENT_TARGET = 16.0;
				MACOSX_DEPLOYMENT_TARGET = 12.3;
				MARKETING_VERSION = 1.0;
				PRODUCT_BUNDLE_IDENTIFIER = com.angelicameira.DateCounterUITests;
				PRODUCT_NAME = "$(TARGET_NAME)";
				SDKROOT = auto;
				SUPPORTED_PLATFORMS = "iphoneos iphonesimulator macosx";
				SWIFT_EMIT_LOC_STRINGS = NO;
				SWIFT_VERSION = 5.0;
				TARGETED_DEVICE_FAMILY = "1,2";
				TEST_TARGET_NAME = DateCounter;
			};
			name = Debug;
		};
		4369B8E128ECB1E1007B7935 /* Release */ = {
			isa = XCBuildConfiguration;
			buildSettings = {
				ALWAYS_EMBED_SWIFT_STANDARD_LIBRARIES = YES;
				CODE_SIGN_STYLE = Automatic;
				CURRENT_PROJECT_VERSION = 1;
				GENERATE_INFOPLIST_FILE = YES;
				IPHONEOS_DEPLOYMENT_TARGET = 16.0;
				MACOSX_DEPLOYMENT_TARGET = 12.3;
				MARKETING_VERSION = 1.0;
				PRODUCT_BUNDLE_IDENTIFIER = com.angelicameira.DateCounterUITests;
				PRODUCT_NAME = "$(TARGET_NAME)";
				SDKROOT = auto;
				SUPPORTED_PLATFORMS = "iphoneos iphonesimulator macosx";
				SWIFT_EMIT_LOC_STRINGS = NO;
				SWIFT_VERSION = 5.0;
				TARGETED_DEVICE_FAMILY = "1,2";
				TEST_TARGET_NAME = DateCounter;
			};
			name = Release;
		};
/* End XCBuildConfiguration section */

/* Begin XCConfigurationList section */
		4369B8AA28ECB1E0007B7935 /* Build configuration list for PBXProject "DateCounter" */ = {
			isa = XCConfigurationList;
			buildConfigurations = (
				4369B8D728ECB1E1007B7935 /* Debug */,
				4369B8D828ECB1E1007B7935 /* Release */,
			);
			defaultConfigurationIsVisible = 0;
			defaultConfigurationName = Release;
		};
		4369B8D928ECB1E1007B7935 /* Build configuration list for PBXNativeTarget "DateCounter" */ = {
			isa = XCConfigurationList;
			buildConfigurations = (
				4369B8DA28ECB1E1007B7935 /* Debug */,
				4369B8DB28ECB1E1007B7935 /* Release */,
			);
			defaultConfigurationIsVisible = 0;
			defaultConfigurationName = Release;
		};
		4369B8DC28ECB1E1007B7935 /* Build configuration list for PBXNativeTarget "DateCounterTests" */ = {
			isa = XCConfigurationList;
			buildConfigurations = (
				4369B8DD28ECB1E1007B7935 /* Debug */,
				4369B8DE28ECB1E1007B7935 /* Release */,
			);
			defaultConfigurationIsVisible = 0;
			defaultConfigurationName = Release;
		};
		4369B8DF28ECB1E1007B7935 /* Build configuration list for PBXNativeTarget "DateCounterUITests" */ = {
			isa = XCConfigurationList;
			buildConfigurations = (
				4369B8E028ECB1E1007B7935 /* Debug */,
				4369B8E128ECB1E1007B7935 /* Release */,
			);
			defaultConfigurationIsVisible = 0;
			defaultConfigurationName = Release;
		};
/* End XCConfigurationList section */

/* Begin XCVersionGroup section */
		4369B8B628ECB1E0007B7935 /* DateCounter.xcdatamodeld */ = {
			isa = XCVersionGroup;
			children = (
				4369B8B728ECB1E0007B7935 /* DateCounter.xcdatamodel */,
			);
			currentVersion = 4369B8B728ECB1E0007B7935 /* DateCounter.xcdatamodel */;
			path = DateCounter.xcdatamodeld;
			sourceTree = "<group>";
			versionGroupType = wrapper.xcdatamodel;
		};
/* End XCVersionGroup section */
	};
	rootObject = 4369B8A728ECB1E0007B7935 /* Project object */;
}
