// !$*UTF8*$!
{
	archiveVersion = 1;
	classes = {
	};
	objectVersion = 56;
	objects = {

/* Begin PBXBuildFile section */
		43244DAF2927957500D7B31E /* MainInterface.storyboard in Resources */ = {isa = PBXBuildFile; fileRef = 435D47B3291F2515006714A3 /* MainInterface.storyboard */; };
		43342C4128F24606004B9EE5 /* README.md in Resources */ = {isa = PBXBuildFile; fileRef = 43342C4028F24606004B9EE5 /* README.md */; };
		433C6E7F2946AE54003914A0 /* DateCounter Watch App.app in Embed Watch Content */ = {isa = PBXBuildFile; fileRef = 433C6E5C2946AE52003914A0 /* DateCounter Watch App.app */; settings = {ATTRIBUTES = (RemoveHeadersOnCopy, ); }; };
		433C6E902946AF25003914A0 /* Preview Assets.xcassets in Resources */ = {isa = PBXBuildFile; fileRef = 4369B8BF28ECB1E1007B7935 /* Preview Assets.xcassets */; };
		433C6E912946AF2D003914A0 /* DateCounter.xcdatamodeld in Sources */ = {isa = PBXBuildFile; fileRef = 4369B8B628ECB1E0007B7935 /* DateCounter.xcdatamodeld */; };
		433C6E922946AF33003914A0 /* Assets.xcassets in Resources */ = {isa = PBXBuildFile; fileRef = 4369B8BB28ECB1E1007B7935 /* Assets.xcassets */; };
		433C6E932946AF3D003914A0 /* Preferences.swift in Sources */ = {isa = PBXBuildFile; fileRef = 43F0D2242904CB73004C1D8E /* Preferences.swift */; };
		433C6E952946AF3D003914A0 /* Persistence.swift in Sources */ = {isa = PBXBuildFile; fileRef = 4369B8B428ECB1E0007B7935 /* Persistence.swift */; };
		433C6E962946AF3D003914A0 /* CustomEnvironments.swift in Sources */ = {isa = PBXBuildFile; fileRef = 4372E7B3293700B20085FE9F /* CustomEnvironments.swift */; };
		433C6E982946AF3E003914A0 /* LunarEclipses.swift in Sources */ = {isa = PBXBuildFile; fileRef = 43C2C79D2932E4DC00F08C36 /* LunarEclipses.swift */; };
		433C6E992946AF3E003914A0 /* EventListRow.swift in Sources */ = {isa = PBXBuildFile; fileRef = 43F0D2222904ACE6004C1D8E /* EventListRow.swift */; };
		433C6E9A2946AF3E003914A0 /* UISplitViewController+Extensions.swift in Sources */ = {isa = PBXBuildFile; fileRef = 4372E7B12937002C0085FE9F /* UISplitViewController+Extensions.swift */; };
		433C6E9B2946AF3E003914A0 /* DateCounterApp.swift in Sources */ = {isa = PBXBuildFile; fileRef = 4369B8B228ECB1E0007B7935 /* DateCounterApp.swift */; };
		433C6E9C2946AF3E003914A0 /* ContentView.swift in Sources */ = {isa = PBXBuildFile; fileRef = 4369B8B928ECB1E0007B7935 /* ContentView.swift */; };
		433C6E9D2946AF3E003914A0 /* DetailView.swift in Sources */ = {isa = PBXBuildFile; fileRef = BFEE1CD728EF6BF4004E52D8 /* DetailView.swift */; };
		433C6E9E2946AF3E003914A0 /* DefaultDetailView.swift in Sources */ = {isa = PBXBuildFile; fileRef = 43C2C79F29339DA700F08C36 /* DefaultDetailView.swift */; };
		433C6E9F2946AF3E003914A0 /* Onboarding.swift in Sources */ = {isa = PBXBuildFile; fileRef = BF229F46293F78B600B22A52 /* Onboarding.swift */; };
		433C6EA02946AF88003914A0 /* DateCounterWatchAppUITests.swift in Sources */ = {isa = PBXBuildFile; fileRef = 43C2C7C22933AEF800F08C36 /* DateCounterWatchAppUITests.swift */; };
		433C6EA12946AF8C003914A0 /* DateCounterWatchAppUITestsLaunchTests.swift in Sources */ = {isa = PBXBuildFile; fileRef = 43C2C7C42933AEF800F08C36 /* DateCounterWatchAppUITestsLaunchTests.swift */; };
		433C6EA22946AF91003914A0 /* DateCounterWatchAppTests.swift in Sources */ = {isa = PBXBuildFile; fileRef = 43C2C7B82933AEF800F08C36 /* DateCounterWatchAppTests.swift */; };
		433C6EA52946B08D003914A0 /* DateCounterCommands.swift in Sources */ = {isa = PBXBuildFile; fileRef = BF7821CB290174A600838000 /* DateCounterCommands.swift */; };
		433C6EA82946B1ED003914A0 /* WatchDatePicker in Frameworks */ = {isa = PBXBuildFile; productRef = 433C6EA72946B1ED003914A0 /* WatchDatePicker */; };
		433C6EA92946B24B003914A0 /* ManageEventView.swift in Sources */ = {isa = PBXBuildFile; fileRef = BFEE1CD928EF78DF004E52D8 /* ManageEventView.swift */; };
		435D4781291B1EBA006714A3 /* WidgetKit.framework in Frameworks */ = {isa = PBXBuildFile; fileRef = 435D4780291B1EBA006714A3 /* WidgetKit.framework */; };
		435D4783291B1EBA006714A3 /* SwiftUI.framework in Frameworks */ = {isa = PBXBuildFile; fileRef = 435D4782291B1EBA006714A3 /* SwiftUI.framework */; };
		435D4786291B1EBA006714A3 /* WidgetsBundle.swift in Sources */ = {isa = PBXBuildFile; fileRef = 435D4785291B1EBA006714A3 /* WidgetsBundle.swift */; };
		435D4788291B1EBA006714A3 /* WidgetsLiveActivity.swift in Sources */ = {isa = PBXBuildFile; fileRef = 435D4787291B1EBA006714A3 /* WidgetsLiveActivity.swift */; };
		435D478A291B1EBA006714A3 /* SingleEventWidgets.swift in Sources */ = {isa = PBXBuildFile; fileRef = 435D4789291B1EBA006714A3 /* SingleEventWidgets.swift */; };
		435D478D291B1EBB006714A3 /* Assets.xcassets in Resources */ = {isa = PBXBuildFile; fileRef = 435D478C291B1EBB006714A3 /* Assets.xcassets */; };
		435D478F291B1EBB006714A3 /* Widgets.intentdefinition in Sources */ = {isa = PBXBuildFile; fileRef = 435D478B291B1EBA006714A3 /* Widgets.intentdefinition */; };
		435D4790291B1EBB006714A3 /* Widgets.intentdefinition in Sources */ = {isa = PBXBuildFile; fileRef = 435D478B291B1EBA006714A3 /* Widgets.intentdefinition */; };
		435D4794291B1EBB006714A3 /* WidgetsExtension.appex in Embed Foundation Extensions */ = {isa = PBXBuildFile; fileRef = 435D477E291B1EBA006714A3 /* WidgetsExtension.appex */; platformFilter = ios; settings = {ATTRIBUTES = (RemoveHeadersOnCopy, ); }; };
		435D479B291F070E006714A3 /* DateCounter.xcdatamodeld in Sources */ = {isa = PBXBuildFile; fileRef = 4369B8B628ECB1E0007B7935 /* DateCounter.xcdatamodeld */; };
		435D479C291F0719006714A3 /* Persistence.swift in Sources */ = {isa = PBXBuildFile; fileRef = 4369B8B428ECB1E0007B7935 /* Persistence.swift */; };
		435D47A4291F2514006714A3 /* Intents.framework in Frameworks */ = {isa = PBXBuildFile; fileRef = 435D47A3291F2514006714A3 /* Intents.framework */; };
		435D47A7291F2514006714A3 /* IntentHandler.swift in Sources */ = {isa = PBXBuildFile; fileRef = 435D47A6291F2514006714A3 /* IntentHandler.swift */; };
		435D47AF291F2514006714A3 /* IntentsUI.framework in Frameworks */ = {isa = PBXBuildFile; fileRef = 435D47AE291F2514006714A3 /* IntentsUI.framework */; };
		435D47B2291F2515006714A3 /* IntentViewController.swift in Sources */ = {isa = PBXBuildFile; fileRef = 435D47B1291F2515006714A3 /* IntentViewController.swift */; };
		435D47BC291F2515006714A3 /* EventIntents.appex in Embed Foundation Extensions */ = {isa = PBXBuildFile; fileRef = 435D47A2291F2514006714A3 /* EventIntents.appex */; platformFilter = ios; settings = {ATTRIBUTES = (RemoveHeadersOnCopy, ); }; };
		435D47C3291F26A8006714A3 /* Widgets.intentdefinition in Sources */ = {isa = PBXBuildFile; fileRef = 435D478B291B1EBA006714A3 /* Widgets.intentdefinition */; };
		435D47C4291F26BC006714A3 /* Widgets.intentdefinition in Sources */ = {isa = PBXBuildFile; fileRef = 435D478B291B1EBA006714A3 /* Widgets.intentdefinition */; };
		4360A7462946D7CA0027FE53 /* EventIntentsUI.appex in Embed Foundation Extensions */ = {isa = PBXBuildFile; fileRef = 435D47AD291F2514006714A3 /* EventIntentsUI.appex */; platformFilter = ios; settings = {ATTRIBUTES = (RemoveHeadersOnCopy, ); }; };
		4369B8B328ECB1E0007B7935 /* DateCounterApp.swift in Sources */ = {isa = PBXBuildFile; fileRef = 4369B8B228ECB1E0007B7935 /* DateCounterApp.swift */; };
		4369B8B528ECB1E0007B7935 /* Persistence.swift in Sources */ = {isa = PBXBuildFile; fileRef = 4369B8B428ECB1E0007B7935 /* Persistence.swift */; };
		4369B8B828ECB1E0007B7935 /* DateCounter.xcdatamodeld in Sources */ = {isa = PBXBuildFile; fileRef = 4369B8B628ECB1E0007B7935 /* DateCounter.xcdatamodeld */; };
		4369B8BA28ECB1E0007B7935 /* ContentView.swift in Sources */ = {isa = PBXBuildFile; fileRef = 4369B8B928ECB1E0007B7935 /* ContentView.swift */; };
		4369B8BC28ECB1E1007B7935 /* Assets.xcassets in Resources */ = {isa = PBXBuildFile; fileRef = 4369B8BB28ECB1E1007B7935 /* Assets.xcassets */; };
		4369B8C028ECB1E1007B7935 /* Preview Assets.xcassets in Resources */ = {isa = PBXBuildFile; fileRef = 4369B8BF28ECB1E1007B7935 /* Preview Assets.xcassets */; };
		4369B8CA28ECB1E1007B7935 /* DateCounterTests.swift in Sources */ = {isa = PBXBuildFile; fileRef = 4369B8C928ECB1E1007B7935 /* DateCounterTests.swift */; };
		4369B8D428ECB1E1007B7935 /* DateCounterUITests.swift in Sources */ = {isa = PBXBuildFile; fileRef = 4369B8D328ECB1E1007B7935 /* DateCounterUITests.swift */; };
		4369B8D628ECB1E1007B7935 /* DateCounterUITestsLaunchTests.swift in Sources */ = {isa = PBXBuildFile; fileRef = 4369B8D528ECB1E1007B7935 /* DateCounterUITestsLaunchTests.swift */; };
		4372E7B22937002C0085FE9F /* UISplitViewController+Extensions.swift in Sources */ = {isa = PBXBuildFile; fileRef = 4372E7B12937002C0085FE9F /* UISplitViewController+Extensions.swift */; };
		4372E7B4293700B20085FE9F /* CustomEnvironments.swift in Sources */ = {isa = PBXBuildFile; fileRef = 4372E7B3293700B20085FE9F /* CustomEnvironments.swift */; };
		43A06AF32920752C0003EB5B /* Persistence.swift in Sources */ = {isa = PBXBuildFile; fileRef = 4369B8B428ECB1E0007B7935 /* Persistence.swift */; };
		43A06AF4292075300003EB5B /* DateCounter.xcdatamodeld in Sources */ = {isa = PBXBuildFile; fileRef = 4369B8B628ECB1E0007B7935 /* DateCounter.xcdatamodeld */; };
		43C2C79E2932E4DC00F08C36 /* LunarEclipses.swift in Sources */ = {isa = PBXBuildFile; fileRef = 43C2C79D2932E4DC00F08C36 /* LunarEclipses.swift */; };
		43C2C7A029339DA700F08C36 /* DefaultDetailView.swift in Sources */ = {isa = PBXBuildFile; fileRef = 43C2C79F29339DA700F08C36 /* DefaultDetailView.swift */; };
		43F0D2232904ACE6004C1D8E /* EventListRow.swift in Sources */ = {isa = PBXBuildFile; fileRef = 43F0D2222904ACE6004C1D8E /* EventListRow.swift */; };
		43F0D2252904CB73004C1D8E /* Preferences.swift in Sources */ = {isa = PBXBuildFile; fileRef = 43F0D2242904CB73004C1D8E /* Preferences.swift */; };
		BF229F47293F78B600B22A52 /* Onboarding.swift in Sources */ = {isa = PBXBuildFile; fileRef = BF229F46293F78B600B22A52 /* Onboarding.swift */; };
		BF7821CC290174A600838000 /* DateCounterCommands.swift in Sources */ = {isa = PBXBuildFile; fileRef = BF7821CB290174A600838000 /* DateCounterCommands.swift */; };
		BFA4700C2945327B00CC6381 /* DateCounterUIPerformanceTests.swift in Sources */ = {isa = PBXBuildFile; fileRef = BFA4700B2945327B00CC6381 /* DateCounterUIPerformanceTests.swift */; };
		BFA47011294537DB00CC6381 /* DateCounterUITests.swift in Sources */ = {isa = PBXBuildFile; fileRef = 4369B8D328ECB1E1007B7935 /* DateCounterUITests.swift */; };
		BFA47012294537DB00CC6381 /* DateCounterUITestsLaunchTests.swift in Sources */ = {isa = PBXBuildFile; fileRef = 4369B8D528ECB1E1007B7935 /* DateCounterUITestsLaunchTests.swift */; };
		BFA47013294537DB00CC6381 /* DateCounterUIPerformanceTests.swift in Sources */ = {isa = PBXBuildFile; fileRef = BFA4700B2945327B00CC6381 /* DateCounterUIPerformanceTests.swift */; };
		BFEE1CD828EF6BF4004E52D8 /* DetailView.swift in Sources */ = {isa = PBXBuildFile; fileRef = BFEE1CD728EF6BF4004E52D8 /* DetailView.swift */; };
		BFEE1CDA28EF78DF004E52D8 /* ManageEventView.swift in Sources */ = {isa = PBXBuildFile; fileRef = BFEE1CD928EF78DF004E52D8 /* ManageEventView.swift */; };
/* End PBXBuildFile section */

/* Begin PBXContainerItemProxy section */
		433C6E6C2946AE53003914A0 /* PBXContainerItemProxy */ = {
			isa = PBXContainerItemProxy;
			containerPortal = 4369B8A728ECB1E0007B7935 /* Project object */;
			proxyType = 1;
			remoteGlobalIDString = 433C6E5B2946AE52003914A0;
			remoteInfo = "DateCounter Watch App";
		};
		433C6E762946AE54003914A0 /* PBXContainerItemProxy */ = {
			isa = PBXContainerItemProxy;
			containerPortal = 4369B8A728ECB1E0007B7935 /* Project object */;
			proxyType = 1;
			remoteGlobalIDString = 433C6E5B2946AE52003914A0;
			remoteInfo = "DateCounter Watch App";
		};
		433C6E7D2946AE54003914A0 /* PBXContainerItemProxy */ = {
			isa = PBXContainerItemProxy;
			containerPortal = 4369B8A728ECB1E0007B7935 /* Project object */;
			proxyType = 1;
			remoteGlobalIDString = 433C6E5B2946AE52003914A0;
			remoteInfo = "DateCounter Watch App";
		};
		435D4791291B1EBB006714A3 /* PBXContainerItemProxy */ = {
			isa = PBXContainerItemProxy;
			containerPortal = 4369B8A728ECB1E0007B7935 /* Project object */;
			proxyType = 1;
			remoteGlobalIDString = 435D477D291B1EBA006714A3;
			remoteInfo = WidgetsExtension;
		};
		435D47BA291F2515006714A3 /* PBXContainerItemProxy */ = {
			isa = PBXContainerItemProxy;
			containerPortal = 4369B8A728ECB1E0007B7935 /* Project object */;
			proxyType = 1;
			remoteGlobalIDString = 435D47A1291F2514006714A3;
			remoteInfo = EventIntents;
		};
		4360A7472946D7CA0027FE53 /* PBXContainerItemProxy */ = {
			isa = PBXContainerItemProxy;
			containerPortal = 4369B8A728ECB1E0007B7935 /* Project object */;
			proxyType = 1;
			remoteGlobalIDString = 435D47AC291F2514006714A3;
			remoteInfo = EventIntentsUI;
		};
		4369B8C628ECB1E1007B7935 /* PBXContainerItemProxy */ = {
			isa = PBXContainerItemProxy;
			containerPortal = 4369B8A728ECB1E0007B7935 /* Project object */;
			proxyType = 1;
			remoteGlobalIDString = 4369B8AE28ECB1E0007B7935;
			remoteInfo = DateCounter;
		};
		4369B8D028ECB1E1007B7935 /* PBXContainerItemProxy */ = {
			isa = PBXContainerItemProxy;
			containerPortal = 4369B8A728ECB1E0007B7935 /* Project object */;
			proxyType = 1;
			remoteGlobalIDString = 4369B8AE28ECB1E0007B7935;
			remoteInfo = DateCounter;
		};
		BFA4700F294537DB00CC6381 /* PBXContainerItemProxy */ = {
			isa = PBXContainerItemProxy;
			containerPortal = 4369B8A728ECB1E0007B7935 /* Project object */;
			proxyType = 1;
			remoteGlobalIDString = 4369B8AE28ECB1E0007B7935;
			remoteInfo = DateCounter;
		};
/* End PBXContainerItemProxy section */

/* Begin PBXCopyFilesBuildPhase section */
		433C6E842946AE55003914A0 /* Embed Watch Content */ = {
			isa = PBXCopyFilesBuildPhase;
			buildActionMask = 2147483647;
			dstPath = "$(CONTENTS_FOLDER_PATH)/Watch";
			dstSubfolderSpec = 16;
			files = (
				433C6E7F2946AE54003914A0 /* DateCounter Watch App.app in Embed Watch Content */,
			);
			name = "Embed Watch Content";
			runOnlyForDeploymentPostprocessing = 0;
		};
		435D4793291B1EBB006714A3 /* Embed Foundation Extensions */ = {
			isa = PBXCopyFilesBuildPhase;
			buildActionMask = 2147483647;
			dstPath = "";
			dstSubfolderSpec = 13;
			files = (
				435D4794291B1EBB006714A3 /* WidgetsExtension.appex in Embed Foundation Extensions */,
				435D47BC291F2515006714A3 /* EventIntents.appex in Embed Foundation Extensions */,
				4360A7462946D7CA0027FE53 /* EventIntentsUI.appex in Embed Foundation Extensions */,
			);
			name = "Embed Foundation Extensions";
			runOnlyForDeploymentPostprocessing = 0;
		};
/* End PBXCopyFilesBuildPhase section */

/* Begin PBXFileReference section */
		431B1F2B2921AF9B002791D2 /* WidgetsExtension.entitlements */ = {isa = PBXFileReference; lastKnownFileType = text.plist.entitlements; path = WidgetsExtension.entitlements; sourceTree = "<group>"; };
		431B1F2C2921AFAA002791D2 /* EventIntents.entitlements */ = {isa = PBXFileReference; lastKnownFileType = text.plist.entitlements; path = EventIntents.entitlements; sourceTree = "<group>"; };
		431B1F2D2921AFB5002791D2 /* EventIntentsUI.entitlements */ = {isa = PBXFileReference; lastKnownFileType = text.plist.entitlements; path = EventIntentsUI.entitlements; sourceTree = "<group>"; };
		43342C4028F24606004B9EE5 /* README.md */ = {isa = PBXFileReference; fileEncoding = 4; lastKnownFileType = net.daringfireball.markdown; path = README.md; sourceTree = "<group>"; };
		433C6D79294564E9003914A0 /* .swiftlint.yml */ = {isa = PBXFileReference; lastKnownFileType = text.yaml; path = .swiftlint.yml; sourceTree = "<group>"; };
		433C6E5C2946AE52003914A0 /* DateCounter Watch App.app */ = {isa = PBXFileReference; explicitFileType = wrapper.application; includeInIndex = 0; path = "DateCounter Watch App.app"; sourceTree = BUILT_PRODUCTS_DIR; };
		433C6E6B2946AE53003914A0 /* DateCounter Watch AppTests.xctest */ = {isa = PBXFileReference; explicitFileType = wrapper.cfbundle; includeInIndex = 0; path = "DateCounter Watch AppTests.xctest"; sourceTree = BUILT_PRODUCTS_DIR; };
		433C6E752946AE54003914A0 /* DateCounter Watch AppUITests.xctest */ = {isa = PBXFileReference; explicitFileType = wrapper.cfbundle; includeInIndex = 0; path = "DateCounter Watch AppUITests.xctest"; sourceTree = BUILT_PRODUCTS_DIR; };
		433C6EAA2946B7A5003914A0 /* DateCounter-Watch-App-Info.plist */ = {isa = PBXFileReference; fileEncoding = 4; lastKnownFileType = text.plist.xml; path = "DateCounter-Watch-App-Info.plist"; sourceTree = "<group>"; };
		435D477E291B1EBA006714A3 /* WidgetsExtension.appex */ = {isa = PBXFileReference; explicitFileType = "wrapper.app-extension"; includeInIndex = 0; path = WidgetsExtension.appex; sourceTree = BUILT_PRODUCTS_DIR; };
		435D4780291B1EBA006714A3 /* WidgetKit.framework */ = {isa = PBXFileReference; lastKnownFileType = wrapper.framework; name = WidgetKit.framework; path = System/Library/Frameworks/WidgetKit.framework; sourceTree = SDKROOT; };
		435D4782291B1EBA006714A3 /* SwiftUI.framework */ = {isa = PBXFileReference; lastKnownFileType = wrapper.framework; name = SwiftUI.framework; path = System/Library/Frameworks/SwiftUI.framework; sourceTree = SDKROOT; };
		435D4785291B1EBA006714A3 /* WidgetsBundle.swift */ = {isa = PBXFileReference; lastKnownFileType = sourcecode.swift; path = WidgetsBundle.swift; sourceTree = "<group>"; };
		435D4787291B1EBA006714A3 /* WidgetsLiveActivity.swift */ = {isa = PBXFileReference; lastKnownFileType = sourcecode.swift; path = WidgetsLiveActivity.swift; sourceTree = "<group>"; };
		435D4789291B1EBA006714A3 /* SingleEventWidgets.swift */ = {isa = PBXFileReference; lastKnownFileType = sourcecode.swift; path = SingleEventWidgets.swift; sourceTree = "<group>"; };
		435D478B291B1EBA006714A3 /* Widgets.intentdefinition */ = {isa = PBXFileReference; lastKnownFileType = file.intentdefinition; path = Widgets.intentdefinition; sourceTree = "<group>"; };
		435D478C291B1EBB006714A3 /* Assets.xcassets */ = {isa = PBXFileReference; lastKnownFileType = folder.assetcatalog; path = Assets.xcassets; sourceTree = "<group>"; };
		435D478E291B1EBB006714A3 /* Info.plist */ = {isa = PBXFileReference; lastKnownFileType = text.plist.xml; path = Info.plist; sourceTree = "<group>"; };
		435D479A291F0617006714A3 /* Info.plist */ = {isa = PBXFileReference; lastKnownFileType = text.plist; path = Info.plist; sourceTree = "<group>"; };
		435D47A2291F2514006714A3 /* EventIntents.appex */ = {isa = PBXFileReference; explicitFileType = "wrapper.app-extension"; includeInIndex = 0; path = EventIntents.appex; sourceTree = BUILT_PRODUCTS_DIR; };
		435D47A3291F2514006714A3 /* Intents.framework */ = {isa = PBXFileReference; lastKnownFileType = wrapper.framework; name = Intents.framework; path = System/Library/Frameworks/Intents.framework; sourceTree = SDKROOT; };
		435D47A6291F2514006714A3 /* IntentHandler.swift */ = {isa = PBXFileReference; lastKnownFileType = sourcecode.swift; path = IntentHandler.swift; sourceTree = "<group>"; };
		435D47A8291F2514006714A3 /* Info.plist */ = {isa = PBXFileReference; lastKnownFileType = text.plist.xml; path = Info.plist; sourceTree = "<group>"; };
		435D47AD291F2514006714A3 /* EventIntentsUI.appex */ = {isa = PBXFileReference; explicitFileType = "wrapper.app-extension"; includeInIndex = 0; path = EventIntentsUI.appex; sourceTree = BUILT_PRODUCTS_DIR; };
		435D47AE291F2514006714A3 /* IntentsUI.framework */ = {isa = PBXFileReference; lastKnownFileType = wrapper.framework; name = IntentsUI.framework; path = System/Library/Frameworks/IntentsUI.framework; sourceTree = SDKROOT; };
		435D47B1291F2515006714A3 /* IntentViewController.swift */ = {isa = PBXFileReference; lastKnownFileType = sourcecode.swift; path = IntentViewController.swift; sourceTree = "<group>"; };
		435D47B4291F2515006714A3 /* Base */ = {isa = PBXFileReference; lastKnownFileType = file.storyboard; name = Base; path = Base.lproj/MainInterface.storyboard; sourceTree = "<group>"; };
		435D47B6291F2515006714A3 /* Info.plist */ = {isa = PBXFileReference; lastKnownFileType = text.plist.xml; path = Info.plist; sourceTree = "<group>"; };
		4369B8AF28ECB1E0007B7935 /* TheDateCounter.app */ = {isa = PBXFileReference; explicitFileType = wrapper.application; includeInIndex = 0; path = TheDateCounter.app; sourceTree = BUILT_PRODUCTS_DIR; };
		4369B8B228ECB1E0007B7935 /* DateCounterApp.swift */ = {isa = PBXFileReference; lastKnownFileType = sourcecode.swift; path = DateCounterApp.swift; sourceTree = "<group>"; };
		4369B8B428ECB1E0007B7935 /* Persistence.swift */ = {isa = PBXFileReference; lastKnownFileType = sourcecode.swift; path = Persistence.swift; sourceTree = "<group>"; };
		4369B8B728ECB1E0007B7935 /* DateCounter.xcdatamodel */ = {isa = PBXFileReference; lastKnownFileType = wrapper.xcdatamodel; path = DateCounter.xcdatamodel; sourceTree = "<group>"; };
		4369B8B928ECB1E0007B7935 /* ContentView.swift */ = {isa = PBXFileReference; lastKnownFileType = sourcecode.swift; path = ContentView.swift; sourceTree = "<group>"; };
		4369B8BB28ECB1E1007B7935 /* Assets.xcassets */ = {isa = PBXFileReference; lastKnownFileType = folder.assetcatalog; path = Assets.xcassets; sourceTree = "<group>"; };
		4369B8BD28ECB1E1007B7935 /* DateCounter.entitlements */ = {isa = PBXFileReference; lastKnownFileType = text.plist.entitlements; path = DateCounter.entitlements; sourceTree = "<group>"; };
		4369B8BF28ECB1E1007B7935 /* Preview Assets.xcassets */ = {isa = PBXFileReference; lastKnownFileType = folder.assetcatalog; path = "Preview Assets.xcassets"; sourceTree = "<group>"; };
		4369B8C528ECB1E1007B7935 /* DateCounterTests.xctest */ = {isa = PBXFileReference; explicitFileType = wrapper.cfbundle; includeInIndex = 0; path = DateCounterTests.xctest; sourceTree = BUILT_PRODUCTS_DIR; };
		4369B8C928ECB1E1007B7935 /* DateCounterTests.swift */ = {isa = PBXFileReference; lastKnownFileType = sourcecode.swift; path = DateCounterTests.swift; sourceTree = "<group>"; };
		4369B8CF28ECB1E1007B7935 /* DateCounterUITests.xctest */ = {isa = PBXFileReference; explicitFileType = wrapper.cfbundle; includeInIndex = 0; path = DateCounterUITests.xctest; sourceTree = BUILT_PRODUCTS_DIR; };
		4369B8D328ECB1E1007B7935 /* DateCounterUITests.swift */ = {isa = PBXFileReference; lastKnownFileType = sourcecode.swift; path = DateCounterUITests.swift; sourceTree = "<group>"; };
		4369B8D528ECB1E1007B7935 /* DateCounterUITestsLaunchTests.swift */ = {isa = PBXFileReference; lastKnownFileType = sourcecode.swift; path = DateCounterUITestsLaunchTests.swift; sourceTree = "<group>"; };
		4372E7B12937002C0085FE9F /* UISplitViewController+Extensions.swift */ = {isa = PBXFileReference; lastKnownFileType = sourcecode.swift; path = "UISplitViewController+Extensions.swift"; sourceTree = "<group>"; };
		4372E7B3293700B20085FE9F /* CustomEnvironments.swift */ = {isa = PBXFileReference; lastKnownFileType = sourcecode.swift; path = CustomEnvironments.swift; sourceTree = "<group>"; };
		43C2C79D2932E4DC00F08C36 /* LunarEclipses.swift */ = {isa = PBXFileReference; lastKnownFileType = sourcecode.swift; path = LunarEclipses.swift; sourceTree = "<group>"; };
		43C2C79F29339DA700F08C36 /* DefaultDetailView.swift */ = {isa = PBXFileReference; lastKnownFileType = sourcecode.swift; path = DefaultDetailView.swift; sourceTree = "<group>"; };
		43C2C7B82933AEF800F08C36 /* DateCounterWatchAppTests.swift */ = {isa = PBXFileReference; lastKnownFileType = sourcecode.swift; path = DateCounterWatchAppTests.swift; sourceTree = "<group>"; };
		43C2C7C22933AEF800F08C36 /* DateCounterWatchAppUITests.swift */ = {isa = PBXFileReference; lastKnownFileType = sourcecode.swift; path = DateCounterWatchAppUITests.swift; sourceTree = "<group>"; };
		43C2C7C42933AEF800F08C36 /* DateCounterWatchAppUITestsLaunchTests.swift */ = {isa = PBXFileReference; lastKnownFileType = sourcecode.swift; path = DateCounterWatchAppUITestsLaunchTests.swift; sourceTree = "<group>"; };
		43C2C7DB2933B0D800F08C36 /* DateCounter Watch App.entitlements */ = {isa = PBXFileReference; lastKnownFileType = text.plist.entitlements; path = "DateCounter Watch App.entitlements"; sourceTree = "<group>"; };
		43F0D2222904ACE6004C1D8E /* EventListRow.swift */ = {isa = PBXFileReference; lastKnownFileType = sourcecode.swift; path = EventListRow.swift; sourceTree = "<group>"; };
		43F0D2242904CB73004C1D8E /* Preferences.swift */ = {isa = PBXFileReference; fileEncoding = 4; lastKnownFileType = sourcecode.swift; path = Preferences.swift; sourceTree = "<group>"; };
		BF03C3D0292BDA3700D21849 /* PRIVACY.md */ = {isa = PBXFileReference; lastKnownFileType = net.daringfireball.markdown; path = PRIVACY.md; sourceTree = "<group>"; };
		BF229F46293F78B600B22A52 /* Onboarding.swift */ = {isa = PBXFileReference; lastKnownFileType = sourcecode.swift; path = Onboarding.swift; sourceTree = "<group>"; };
		BF7821CB290174A600838000 /* DateCounterCommands.swift */ = {isa = PBXFileReference; lastKnownFileType = sourcecode.swift; path = DateCounterCommands.swift; sourceTree = "<group>"; };
		BFA4700B2945327B00CC6381 /* DateCounterUIPerformanceTests.swift */ = {isa = PBXFileReference; lastKnownFileType = sourcecode.swift; path = DateCounterUIPerformanceTests.swift; sourceTree = "<group>"; };
		BFA4701A294537DB00CC6381 /* DateCounterUIPerformanceTests.xctest */ = {isa = PBXFileReference; explicitFileType = wrapper.cfbundle; includeInIndex = 0; path = DateCounterUIPerformanceTests.xctest; sourceTree = BUILT_PRODUCTS_DIR; };
		BFEE1CD728EF6BF4004E52D8 /* DetailView.swift */ = {isa = PBXFileReference; lastKnownFileType = sourcecode.swift; path = DetailView.swift; sourceTree = "<group>"; };
		BFEE1CD928EF78DF004E52D8 /* ManageEventView.swift */ = {isa = PBXFileReference; lastKnownFileType = sourcecode.swift; path = ManageEventView.swift; sourceTree = "<group>"; };
/* End PBXFileReference section */

/* Begin PBXFrameworksBuildPhase section */
		433C6E592946AE52003914A0 /* Frameworks */ = {
			isa = PBXFrameworksBuildPhase;
			buildActionMask = 2147483647;
			files = (
				433C6EA82946B1ED003914A0 /* WatchDatePicker in Frameworks */,
			);
			runOnlyForDeploymentPostprocessing = 0;
		};
		433C6E682946AE53003914A0 /* Frameworks */ = {
			isa = PBXFrameworksBuildPhase;
			buildActionMask = 2147483647;
			files = (
			);
			runOnlyForDeploymentPostprocessing = 0;
		};
		433C6E722946AE54003914A0 /* Frameworks */ = {
			isa = PBXFrameworksBuildPhase;
			buildActionMask = 2147483647;
			files = (
			);
			runOnlyForDeploymentPostprocessing = 0;
		};
		435D477B291B1EBA006714A3 /* Frameworks */ = {
			isa = PBXFrameworksBuildPhase;
			buildActionMask = 2147483647;
			files = (
				435D4783291B1EBA006714A3 /* SwiftUI.framework in Frameworks */,
				435D4781291B1EBA006714A3 /* WidgetKit.framework in Frameworks */,
			);
			runOnlyForDeploymentPostprocessing = 0;
		};
		435D479F291F2514006714A3 /* Frameworks */ = {
			isa = PBXFrameworksBuildPhase;
			buildActionMask = 2147483647;
			files = (
				435D47A4291F2514006714A3 /* Intents.framework in Frameworks */,
			);
			runOnlyForDeploymentPostprocessing = 0;
		};
		435D47AA291F2514006714A3 /* Frameworks */ = {
			isa = PBXFrameworksBuildPhase;
			buildActionMask = 2147483647;
			files = (
				435D47AF291F2514006714A3 /* IntentsUI.framework in Frameworks */,
			);
			runOnlyForDeploymentPostprocessing = 0;
		};
		4369B8AC28ECB1E0007B7935 /* Frameworks */ = {
			isa = PBXFrameworksBuildPhase;
			buildActionMask = 2147483647;
			files = (
			);
			runOnlyForDeploymentPostprocessing = 0;
		};
		4369B8C228ECB1E1007B7935 /* Frameworks */ = {
			isa = PBXFrameworksBuildPhase;
			buildActionMask = 2147483647;
			files = (
			);
			runOnlyForDeploymentPostprocessing = 0;
		};
		4369B8CC28ECB1E1007B7935 /* Frameworks */ = {
			isa = PBXFrameworksBuildPhase;
			buildActionMask = 2147483647;
			files = (
			);
			runOnlyForDeploymentPostprocessing = 0;
		};
		BFA47014294537DB00CC6381 /* Frameworks */ = {
			isa = PBXFrameworksBuildPhase;
			buildActionMask = 2147483647;
			files = (
			);
			runOnlyForDeploymentPostprocessing = 0;
		};
/* End PBXFrameworksBuildPhase section */

/* Begin PBXGroup section */
		435D477F291B1EBA006714A3 /* Frameworks */ = {
			isa = PBXGroup;
			children = (
				435D4780291B1EBA006714A3 /* WidgetKit.framework */,
				435D4782291B1EBA006714A3 /* SwiftUI.framework */,
				435D47A3291F2514006714A3 /* Intents.framework */,
				435D47AE291F2514006714A3 /* IntentsUI.framework */,
			);
			name = Frameworks;
			sourceTree = "<group>";
		};
		435D4784291B1EBA006714A3 /* Widgets */ = {
			isa = PBXGroup;
			children = (
				435D4785291B1EBA006714A3 /* WidgetsBundle.swift */,
				435D4787291B1EBA006714A3 /* WidgetsLiveActivity.swift */,
				435D4789291B1EBA006714A3 /* SingleEventWidgets.swift */,
				435D478B291B1EBA006714A3 /* Widgets.intentdefinition */,
				435D478C291B1EBB006714A3 /* Assets.xcassets */,
				435D478E291B1EBB006714A3 /* Info.plist */,
			);
			path = Widgets;
			sourceTree = "<group>";
		};
		435D47A5291F2514006714A3 /* EventIntents */ = {
			isa = PBXGroup;
			children = (
				431B1F2C2921AFAA002791D2 /* EventIntents.entitlements */,
				435D47A6291F2514006714A3 /* IntentHandler.swift */,
				435D47A8291F2514006714A3 /* Info.plist */,
			);
			path = EventIntents;
			sourceTree = "<group>";
		};
		435D47B0291F2515006714A3 /* EventIntentsUI */ = {
			isa = PBXGroup;
			children = (
				431B1F2D2921AFB5002791D2 /* EventIntentsUI.entitlements */,
				435D47B1291F2515006714A3 /* IntentViewController.swift */,
				435D47B3291F2515006714A3 /* MainInterface.storyboard */,
				435D47B6291F2515006714A3 /* Info.plist */,
			);
			path = EventIntentsUI;
			sourceTree = "<group>";
		};
		4369B8A628ECB1E0007B7935 = {
			isa = PBXGroup;
			children = (
				43342C4028F24606004B9EE5 /* README.md */,
				BF03C3D0292BDA3700D21849 /* PRIVACY.md */,
				433C6D79294564E9003914A0 /* .swiftlint.yml */,
				431B1F2B2921AF9B002791D2 /* WidgetsExtension.entitlements */,
				4369B8B128ECB1E0007B7935 /* DateCounter */,
				4369B8C828ECB1E1007B7935 /* DateCounterTests */,
				4369B8D228ECB1E1007B7935 /* DateCounterUITests */,
				435D4784291B1EBA006714A3 /* Widgets */,
				435D47A5291F2514006714A3 /* EventIntents */,
				435D47B0291F2515006714A3 /* EventIntentsUI */,
				43C2C7A62933AEF700F08C36 /* DateCounter Watch App */,
				43C2C7B72933AEF800F08C36 /* DateCounter Watch AppTests */,
				43C2C7C12933AEF800F08C36 /* DateCounter Watch AppUITests */,
				435D477F291B1EBA006714A3 /* Frameworks */,
				4369B8B028ECB1E0007B7935 /* Products */,
			);
			sourceTree = "<group>";
		};
		4369B8B028ECB1E0007B7935 /* Products */ = {
			isa = PBXGroup;
			children = (
				4369B8AF28ECB1E0007B7935 /* TheDateCounter.app */,
				4369B8C528ECB1E1007B7935 /* DateCounterTests.xctest */,
				4369B8CF28ECB1E1007B7935 /* DateCounterUITests.xctest */,
				435D477E291B1EBA006714A3 /* WidgetsExtension.appex */,
				435D47A2291F2514006714A3 /* EventIntents.appex */,
				435D47AD291F2514006714A3 /* EventIntentsUI.appex */,
				BFA4701A294537DB00CC6381 /* DateCounterUIPerformanceTests.xctest */,
				433C6E5C2946AE52003914A0 /* DateCounter Watch App.app */,
				433C6E6B2946AE53003914A0 /* DateCounter Watch AppTests.xctest */,
				433C6E752946AE54003914A0 /* DateCounter Watch AppUITests.xctest */,
			);
			name = Products;
			sourceTree = "<group>";
		};
		4369B8B128ECB1E0007B7935 /* DateCounter */ = {
			isa = PBXGroup;
			children = (
				435D479A291F0617006714A3 /* Info.plist */,
				4369B8B228ECB1E0007B7935 /* DateCounterApp.swift */,
				43F0D2212904AC1A004C1D8E /* Resources */,
				43F0D21F2904AC0E004C1D8E /* Views */,
				4369B8BB28ECB1E1007B7935 /* Assets.xcassets */,
				4369B8BD28ECB1E1007B7935 /* DateCounter.entitlements */,
				4369B8B628ECB1E0007B7935 /* DateCounter.xcdatamodeld */,
				4369B8BE28ECB1E1007B7935 /* Preview Content */,
			);
			path = DateCounter;
			sourceTree = "<group>";
		};
		4369B8BE28ECB1E1007B7935 /* Preview Content */ = {
			isa = PBXGroup;
			children = (
				4369B8BF28ECB1E1007B7935 /* Preview Assets.xcassets */,
			);
			path = "Preview Content";
			sourceTree = "<group>";
		};
		4369B8C828ECB1E1007B7935 /* DateCounterTests */ = {
			isa = PBXGroup;
			children = (
				4369B8C928ECB1E1007B7935 /* DateCounterTests.swift */,
			);
			path = DateCounterTests;
			sourceTree = "<group>";
		};
		4369B8D228ECB1E1007B7935 /* DateCounterUITests */ = {
			isa = PBXGroup;
			children = (
				4369B8D328ECB1E1007B7935 /* DateCounterUITests.swift */,
				4369B8D528ECB1E1007B7935 /* DateCounterUITestsLaunchTests.swift */,
				BFA4700B2945327B00CC6381 /* DateCounterUIPerformanceTests.swift */,
			);
			path = DateCounterUITests;
			sourceTree = "<group>";
		};
		43C2C7A62933AEF700F08C36 /* DateCounter Watch App */ = {
			isa = PBXGroup;
			children = (
				433C6EAA2946B7A5003914A0 /* DateCounter-Watch-App-Info.plist */,
				43C2C7DB2933B0D800F08C36 /* DateCounter Watch App.entitlements */,
			);
			path = "DateCounter Watch App";
			sourceTree = "<group>";
		};
		43C2C7B72933AEF800F08C36 /* DateCounter Watch AppTests */ = {
			isa = PBXGroup;
			children = (
				43C2C7B82933AEF800F08C36 /* DateCounterWatchAppTests.swift */,
			);
			path = "DateCounter Watch AppTests";
			sourceTree = "<group>";
		};
		43C2C7C12933AEF800F08C36 /* DateCounter Watch AppUITests */ = {
			isa = PBXGroup;
			children = (
				43C2C7C22933AEF800F08C36 /* DateCounterWatchAppUITests.swift */,
				43C2C7C42933AEF800F08C36 /* DateCounterWatchAppUITestsLaunchTests.swift */,
			);
			path = "DateCounter Watch AppUITests";
			sourceTree = "<group>";
		};
		43F0D21F2904AC0E004C1D8E /* Views */ = {
			isa = PBXGroup;
			children = (
				4369B8B928ECB1E0007B7935 /* ContentView.swift */,
				BFEE1CD928EF78DF004E52D8 /* ManageEventView.swift */,
				BFEE1CD728EF6BF4004E52D8 /* DetailView.swift */,
				43F0D2222904ACE6004C1D8E /* EventListRow.swift */,
				43F0D2242904CB73004C1D8E /* Preferences.swift */,
				43C2C79F29339DA700F08C36 /* DefaultDetailView.swift */,
				BF229F46293F78B600B22A52 /* Onboarding.swift */,
			);
			path = Views;
			sourceTree = "<group>";
		};
		43F0D2212904AC1A004C1D8E /* Resources */ = {
			isa = PBXGroup;
			children = (
				BF7821CB290174A600838000 /* DateCounterCommands.swift */,
				4369B8B428ECB1E0007B7935 /* Persistence.swift */,
				43C2C79D2932E4DC00F08C36 /* LunarEclipses.swift */,
				4372E7B12937002C0085FE9F /* UISplitViewController+Extensions.swift */,
				4372E7B3293700B20085FE9F /* CustomEnvironments.swift */,
			);
			path = Resources;
			sourceTree = "<group>";
		};
/* End PBXGroup section */

/* Begin PBXNativeTarget section */
		433C6E5B2946AE52003914A0 /* DateCounter Watch App */ = {
			isa = PBXNativeTarget;
			buildConfigurationList = 433C6E802946AE55003914A0 /* Build configuration list for PBXNativeTarget "DateCounter Watch App" */;
			buildPhases = (
				433C6E582946AE52003914A0 /* Sources */,
				433C6E592946AE52003914A0 /* Frameworks */,
				433C6E5A2946AE52003914A0 /* Resources */,
			);
			buildRules = (
			);
			dependencies = (
			);
			name = "DateCounter Watch App";
			packageProductDependencies = (
				433C6EA72946B1ED003914A0 /* WatchDatePicker */,
			);
			productName = "DateCounter Watch App";
			productReference = 433C6E5C2946AE52003914A0 /* DateCounter Watch App.app */;
			productType = "com.apple.product-type.application";
		};
		433C6E6A2946AE53003914A0 /* DateCounter Watch AppTests */ = {
			isa = PBXNativeTarget;
			buildConfigurationList = 433C6E852946AE55003914A0 /* Build configuration list for PBXNativeTarget "DateCounter Watch AppTests" */;
			buildPhases = (
				433C6E672946AE53003914A0 /* Sources */,
				433C6E682946AE53003914A0 /* Frameworks */,
				433C6E692946AE53003914A0 /* Resources */,
			);
			buildRules = (
			);
			dependencies = (
				433C6E6D2946AE53003914A0 /* PBXTargetDependency */,
			);
			name = "DateCounter Watch AppTests";
			productName = "DateCounter Watch AppTests";
			productReference = 433C6E6B2946AE53003914A0 /* DateCounter Watch AppTests.xctest */;
			productType = "com.apple.product-type.bundle.unit-test";
		};
		433C6E742946AE54003914A0 /* DateCounter Watch AppUITests */ = {
			isa = PBXNativeTarget;
			buildConfigurationList = 433C6E892946AE55003914A0 /* Build configuration list for PBXNativeTarget "DateCounter Watch AppUITests" */;
			buildPhases = (
				433C6E712946AE54003914A0 /* Sources */,
				433C6E722946AE54003914A0 /* Frameworks */,
				433C6E732946AE54003914A0 /* Resources */,
			);
			buildRules = (
			);
			dependencies = (
				433C6E772946AE54003914A0 /* PBXTargetDependency */,
			);
			name = "DateCounter Watch AppUITests";
			productName = "DateCounter Watch AppUITests";
			productReference = 433C6E752946AE54003914A0 /* DateCounter Watch AppUITests.xctest */;
			productType = "com.apple.product-type.bundle.ui-testing";
		};
		435D477D291B1EBA006714A3 /* WidgetsExtension */ = {
			isa = PBXNativeTarget;
			buildConfigurationList = 435D4797291B1EBB006714A3 /* Build configuration list for PBXNativeTarget "WidgetsExtension" */;
			buildPhases = (
				435D477A291B1EBA006714A3 /* Sources */,
				435D477B291B1EBA006714A3 /* Frameworks */,
				435D477C291B1EBA006714A3 /* Resources */,
			);
			buildRules = (
			);
			dependencies = (
			);
			name = WidgetsExtension;
			productName = WidgetsExtension;
			productReference = 435D477E291B1EBA006714A3 /* WidgetsExtension.appex */;
			productType = "com.apple.product-type.app-extension";
		};
		435D47A1291F2514006714A3 /* EventIntents */ = {
			isa = PBXNativeTarget;
			buildConfigurationList = 435D47C0291F2515006714A3 /* Build configuration list for PBXNativeTarget "EventIntents" */;
			buildPhases = (
				435D479E291F2514006714A3 /* Sources */,
				435D479F291F2514006714A3 /* Frameworks */,
				435D47A0291F2514006714A3 /* Resources */,
			);
			buildRules = (
			);
			dependencies = (
			);
			name = EventIntents;
			productName = EventIntents;
			productReference = 435D47A2291F2514006714A3 /* EventIntents.appex */;
			productType = "com.apple.product-type.app-extension";
		};
		435D47AC291F2514006714A3 /* EventIntentsUI */ = {
			isa = PBXNativeTarget;
			buildConfigurationList = 435D47BD291F2515006714A3 /* Build configuration list for PBXNativeTarget "EventIntentsUI" */;
			buildPhases = (
				435D47A9291F2514006714A3 /* Sources */,
				435D47AA291F2514006714A3 /* Frameworks */,
				435D47AB291F2514006714A3 /* Resources */,
			);
			buildRules = (
			);
			dependencies = (
			);
			name = EventIntentsUI;
			productName = EventIntentsUI;
			productReference = 435D47AD291F2514006714A3 /* EventIntentsUI.appex */;
			productType = "com.apple.product-type.app-extension";
		};
		4369B8AE28ECB1E0007B7935 /* TheDateCounter */ = {
			isa = PBXNativeTarget;
			buildConfigurationList = 4369B8D928ECB1E1007B7935 /* Build configuration list for PBXNativeTarget "TheDateCounter" */;
			buildPhases = (
				4369B8AB28ECB1E0007B7935 /* Sources */,
				4369B8AC28ECB1E0007B7935 /* Frameworks */,
				4369B8AD28ECB1E0007B7935 /* Resources */,
				435D4793291B1EBB006714A3 /* Embed Foundation Extensions */,
				438EB0612945628100A62E7D /* Run SwiftLint */,
				433C6E842946AE55003914A0 /* Embed Watch Content */,
			);
			buildRules = (
			);
			dependencies = (
				435D4792291B1EBB006714A3 /* PBXTargetDependency */,
				435D47BB291F2515006714A3 /* PBXTargetDependency */,
				433C6E7E2946AE54003914A0 /* PBXTargetDependency */,
				4360A7482946D7CA0027FE53 /* PBXTargetDependency */,
			);
			name = TheDateCounter;
			productName = DateCounter;
			productReference = 4369B8AF28ECB1E0007B7935 /* TheDateCounter.app */;
			productType = "com.apple.product-type.application";
		};
		4369B8C428ECB1E1007B7935 /* DateCounterTests */ = {
			isa = PBXNativeTarget;
			buildConfigurationList = 4369B8DC28ECB1E1007B7935 /* Build configuration list for PBXNativeTarget "DateCounterTests" */;
			buildPhases = (
				4369B8C128ECB1E1007B7935 /* Sources */,
				4369B8C228ECB1E1007B7935 /* Frameworks */,
				4369B8C328ECB1E1007B7935 /* Resources */,
			);
			buildRules = (
			);
			dependencies = (
				4369B8C728ECB1E1007B7935 /* PBXTargetDependency */,
			);
			name = DateCounterTests;
			productName = DateCounterTests;
			productReference = 4369B8C528ECB1E1007B7935 /* DateCounterTests.xctest */;
			productType = "com.apple.product-type.bundle.unit-test";
		};
		4369B8CE28ECB1E1007B7935 /* DateCounterUITests */ = {
			isa = PBXNativeTarget;
			buildConfigurationList = 4369B8DF28ECB1E1007B7935 /* Build configuration list for PBXNativeTarget "DateCounterUITests" */;
			buildPhases = (
				4369B8CB28ECB1E1007B7935 /* Sources */,
				4369B8CC28ECB1E1007B7935 /* Frameworks */,
				4369B8CD28ECB1E1007B7935 /* Resources */,
			);
			buildRules = (
			);
			dependencies = (
				4369B8D128ECB1E1007B7935 /* PBXTargetDependency */,
			);
			name = DateCounterUITests;
			productName = DateCounterUITests;
			productReference = 4369B8CF28ECB1E1007B7935 /* DateCounterUITests.xctest */;
			productType = "com.apple.product-type.bundle.ui-testing";
		};
		BFA4700D294537DB00CC6381 /* DateCounterUIPerformanceTests */ = {
			isa = PBXNativeTarget;
			buildConfigurationList = BFA47016294537DB00CC6381 /* Build configuration list for PBXNativeTarget "DateCounterUIPerformanceTests" */;
			buildPhases = (
				BFA47010294537DB00CC6381 /* Sources */,
				BFA47014294537DB00CC6381 /* Frameworks */,
				BFA47015294537DB00CC6381 /* Resources */,
			);
			buildRules = (
			);
			dependencies = (
				BFA4700E294537DB00CC6381 /* PBXTargetDependency */,
			);
			name = DateCounterUIPerformanceTests;
			productName = DateCounterUITests;
			productReference = BFA4701A294537DB00CC6381 /* DateCounterUIPerformanceTests.xctest */;
			productType = "com.apple.product-type.bundle.ui-testing";
		};
/* End PBXNativeTarget section */

/* Begin PBXProject section */
		4369B8A728ECB1E0007B7935 /* Project object */ = {
			isa = PBXProject;
			attributes = {
				BuildIndependentTargetsInParallel = 1;
				LastSwiftUpdateCheck = 1410;
				LastUpgradeCheck = 1410;
				TargetAttributes = {
					433C6E5B2946AE52003914A0 = {
						CreatedOnToolsVersion = 14.1;
					};
					433C6E6A2946AE53003914A0 = {
						CreatedOnToolsVersion = 14.1;
						TestTargetID = 433C6E5B2946AE52003914A0;
					};
					433C6E742946AE54003914A0 = {
						CreatedOnToolsVersion = 14.1;
						TestTargetID = 433C6E5B2946AE52003914A0;
					};
					435D477D291B1EBA006714A3 = {
						CreatedOnToolsVersion = 14.1;
					};
					435D47A1291F2514006714A3 = {
						CreatedOnToolsVersion = 14.1;
					};
					435D47AC291F2514006714A3 = {
						CreatedOnToolsVersion = 14.1;
					};
					4369B8AE28ECB1E0007B7935 = {
						CreatedOnToolsVersion = 14.0.1;
					};
					4369B8C428ECB1E1007B7935 = {
						CreatedOnToolsVersion = 14.0.1;
						TestTargetID = 4369B8AE28ECB1E0007B7935;
					};
					4369B8CE28ECB1E1007B7935 = {
						CreatedOnToolsVersion = 14.0.1;
						TestTargetID = 4369B8AE28ECB1E0007B7935;
					};
				};
			};
			buildConfigurationList = 4369B8AA28ECB1E0007B7935 /* Build configuration list for PBXProject "DateCounter" */;
			compatibilityVersion = "Xcode 14.0";
			developmentRegion = en;
			hasScannedForEncodings = 0;
			knownRegions = (
				en,
				Base,
			);
			mainGroup = 4369B8A628ECB1E0007B7935;
			packageReferences = (
				433C6EA62946B1ED003914A0 /* XCRemoteSwiftPackageReference "watch-date-picker" */,
			);
			productRefGroup = 4369B8B028ECB1E0007B7935 /* Products */;
			projectDirPath = "";
			projectRoot = "";
			targets = (
				4369B8AE28ECB1E0007B7935 /* TheDateCounter */,
				4369B8C428ECB1E1007B7935 /* DateCounterTests */,
				4369B8CE28ECB1E1007B7935 /* DateCounterUITests */,
				BFA4700D294537DB00CC6381 /* DateCounterUIPerformanceTests */,
				435D477D291B1EBA006714A3 /* WidgetsExtension */,
				435D47A1291F2514006714A3 /* EventIntents */,
				435D47AC291F2514006714A3 /* EventIntentsUI */,
				433C6E5B2946AE52003914A0 /* DateCounter Watch App */,
				433C6E6A2946AE53003914A0 /* DateCounter Watch AppTests */,
				433C6E742946AE54003914A0 /* DateCounter Watch AppUITests */,
			);
		};
/* End PBXProject section */

/* Begin PBXResourcesBuildPhase section */
		433C6E5A2946AE52003914A0 /* Resources */ = {
			isa = PBXResourcesBuildPhase;
			buildActionMask = 2147483647;
			files = (
				433C6E922946AF33003914A0 /* Assets.xcassets in Resources */,
				433C6E902946AF25003914A0 /* Preview Assets.xcassets in Resources */,
			);
			runOnlyForDeploymentPostprocessing = 0;
		};
		433C6E692946AE53003914A0 /* Resources */ = {
			isa = PBXResourcesBuildPhase;
			buildActionMask = 2147483647;
			files = (
			);
			runOnlyForDeploymentPostprocessing = 0;
		};
		433C6E732946AE54003914A0 /* Resources */ = {
			isa = PBXResourcesBuildPhase;
			buildActionMask = 2147483647;
			files = (
			);
			runOnlyForDeploymentPostprocessing = 0;
		};
		435D477C291B1EBA006714A3 /* Resources */ = {
			isa = PBXResourcesBuildPhase;
			buildActionMask = 2147483647;
			files = (
				435D478D291B1EBB006714A3 /* Assets.xcassets in Resources */,
			);
			runOnlyForDeploymentPostprocessing = 0;
		};
		435D47A0291F2514006714A3 /* Resources */ = {
			isa = PBXResourcesBuildPhase;
			buildActionMask = 2147483647;
			files = (
			);
			runOnlyForDeploymentPostprocessing = 0;
		};
		435D47AB291F2514006714A3 /* Resources */ = {
			isa = PBXResourcesBuildPhase;
			buildActionMask = 2147483647;
			files = (
				43244DAF2927957500D7B31E /* MainInterface.storyboard in Resources */,
			);
			runOnlyForDeploymentPostprocessing = 0;
		};
		4369B8AD28ECB1E0007B7935 /* Resources */ = {
			isa = PBXResourcesBuildPhase;
			buildActionMask = 2147483647;
			files = (
				43342C4128F24606004B9EE5 /* README.md in Resources */,
				4369B8C028ECB1E1007B7935 /* Preview Assets.xcassets in Resources */,
				4369B8BC28ECB1E1007B7935 /* Assets.xcassets in Resources */,
			);
			runOnlyForDeploymentPostprocessing = 0;
		};
		4369B8C328ECB1E1007B7935 /* Resources */ = {
			isa = PBXResourcesBuildPhase;
			buildActionMask = 2147483647;
			files = (
			);
			runOnlyForDeploymentPostprocessing = 0;
		};
		4369B8CD28ECB1E1007B7935 /* Resources */ = {
			isa = PBXResourcesBuildPhase;
			buildActionMask = 2147483647;
			files = (
			);
			runOnlyForDeploymentPostprocessing = 0;
		};
		BFA47015294537DB00CC6381 /* Resources */ = {
			isa = PBXResourcesBuildPhase;
			buildActionMask = 2147483647;
			files = (
			);
			runOnlyForDeploymentPostprocessing = 0;
		};
/* End PBXResourcesBuildPhase section */

/* Begin PBXShellScriptBuildPhase section */
		438EB0612945628100A62E7D /* Run SwiftLint */ = {
			isa = PBXShellScriptBuildPhase;
			alwaysOutOfDate = 1;
			buildActionMask = 2147483647;
			files = (
			);
			inputFileListPaths = (
			);
			inputPaths = (
			);
			name = "Run SwiftLint";
			outputFileListPaths = (
			);
			outputPaths = (
			);
			runOnlyForDeploymentPostprocessing = 0;
			shellPath = /bin/sh;
			shellScript = "if test -d \"/opt/homebrew/bin/\"; then\n  PATH=\"/opt/homebrew/bin/:${PATH}\"\nfi\n\nexport PATH\n\nif which swiftlint >/dev/null; then\n  swiftlint\nelse\n  echo \"warning: SwiftLint not installed, download from https://github.com/realm/SwiftLint\"\nfi\n";
		};
/* End PBXShellScriptBuildPhase section */

/* Begin PBXSourcesBuildPhase section */
		433C6E582946AE52003914A0 /* Sources */ = {
			isa = PBXSourcesBuildPhase;
			buildActionMask = 2147483647;
			files = (
				433C6E982946AF3E003914A0 /* LunarEclipses.swift in Sources */,
				433C6E9A2946AF3E003914A0 /* UISplitViewController+Extensions.swift in Sources */,
				433C6E9C2946AF3E003914A0 /* ContentView.swift in Sources */,
				433C6E992946AF3E003914A0 /* EventListRow.swift in Sources */,
				433C6E9F2946AF3E003914A0 /* Onboarding.swift in Sources */,
				433C6E9E2946AF3E003914A0 /* DefaultDetailView.swift in Sources */,
				433C6E952946AF3D003914A0 /* Persistence.swift in Sources */,
				433C6E9B2946AF3E003914A0 /* DateCounterApp.swift in Sources */,
				433C6EA92946B24B003914A0 /* ManageEventView.swift in Sources */,
				433C6E932946AF3D003914A0 /* Preferences.swift in Sources */,
				433C6E912946AF2D003914A0 /* DateCounter.xcdatamodeld in Sources */,
				433C6E962946AF3D003914A0 /* CustomEnvironments.swift in Sources */,
				433C6EA52946B08D003914A0 /* DateCounterCommands.swift in Sources */,
				433C6E9D2946AF3E003914A0 /* DetailView.swift in Sources */,
			);
			runOnlyForDeploymentPostprocessing = 0;
		};
		433C6E672946AE53003914A0 /* Sources */ = {
			isa = PBXSourcesBuildPhase;
			buildActionMask = 2147483647;
			files = (
				433C6EA22946AF91003914A0 /* DateCounterWatchAppTests.swift in Sources */,
			);
			runOnlyForDeploymentPostprocessing = 0;
		};
		433C6E712946AE54003914A0 /* Sources */ = {
			isa = PBXSourcesBuildPhase;
			buildActionMask = 2147483647;
			files = (
				433C6EA02946AF88003914A0 /* DateCounterWatchAppUITests.swift in Sources */,
				433C6EA12946AF8C003914A0 /* DateCounterWatchAppUITestsLaunchTests.swift in Sources */,
			);
			runOnlyForDeploymentPostprocessing = 0;
		};
		435D477A291B1EBA006714A3 /* Sources */ = {
			isa = PBXSourcesBuildPhase;
			buildActionMask = 2147483647;
			files = (
				435D479B291F070E006714A3 /* DateCounter.xcdatamodeld in Sources */,
				435D478F291B1EBB006714A3 /* Widgets.intentdefinition in Sources */,
				435D4788291B1EBA006714A3 /* WidgetsLiveActivity.swift in Sources */,
				435D479C291F0719006714A3 /* Persistence.swift in Sources */,
				435D478A291B1EBA006714A3 /* SingleEventWidgets.swift in Sources */,
				435D4786291B1EBA006714A3 /* WidgetsBundle.swift in Sources */,
			);
			runOnlyForDeploymentPostprocessing = 0;
		};
		435D479E291F2514006714A3 /* Sources */ = {
			isa = PBXSourcesBuildPhase;
			buildActionMask = 2147483647;
			files = (
				43A06AF32920752C0003EB5B /* Persistence.swift in Sources */,
				435D47C3291F26A8006714A3 /* Widgets.intentdefinition in Sources */,
				43A06AF4292075300003EB5B /* DateCounter.xcdatamodeld in Sources */,
				435D47A7291F2514006714A3 /* IntentHandler.swift in Sources */,
			);
			runOnlyForDeploymentPostprocessing = 0;
		};
		435D47A9291F2514006714A3 /* Sources */ = {
			isa = PBXSourcesBuildPhase;
			buildActionMask = 2147483647;
			files = (
				435D47C4291F26BC006714A3 /* Widgets.intentdefinition in Sources */,
				435D47B2291F2515006714A3 /* IntentViewController.swift in Sources */,
			);
			runOnlyForDeploymentPostprocessing = 0;
		};
		4369B8AB28ECB1E0007B7935 /* Sources */ = {
			isa = PBXSourcesBuildPhase;
			buildActionMask = 2147483647;
			files = (
				4369B8B328ECB1E0007B7935 /* DateCounterApp.swift in Sources */,
				BFEE1CDA28EF78DF004E52D8 /* ManageEventView.swift in Sources */,
				435D4790291B1EBB006714A3 /* Widgets.intentdefinition in Sources */,
				43F0D2232904ACE6004C1D8E /* EventListRow.swift in Sources */,
				4369B8B528ECB1E0007B7935 /* Persistence.swift in Sources */,
				43C2C7A029339DA700F08C36 /* DefaultDetailView.swift in Sources */,
				43F0D2252904CB73004C1D8E /* Preferences.swift in Sources */,
				4369B8BA28ECB1E0007B7935 /* ContentView.swift in Sources */,
				BF7821CC290174A600838000 /* DateCounterCommands.swift in Sources */,
				43C2C79E2932E4DC00F08C36 /* LunarEclipses.swift in Sources */,
				BF229F47293F78B600B22A52 /* Onboarding.swift in Sources */,
				BFEE1CD828EF6BF4004E52D8 /* DetailView.swift in Sources */,
				4372E7B4293700B20085FE9F /* CustomEnvironments.swift in Sources */,
				4369B8B828ECB1E0007B7935 /* DateCounter.xcdatamodeld in Sources */,
				4372E7B22937002C0085FE9F /* UISplitViewController+Extensions.swift in Sources */,
			);
			runOnlyForDeploymentPostprocessing = 0;
		};
		4369B8C128ECB1E1007B7935 /* Sources */ = {
			isa = PBXSourcesBuildPhase;
			buildActionMask = 2147483647;
			files = (
				4369B8CA28ECB1E1007B7935 /* DateCounterTests.swift in Sources */,
			);
			runOnlyForDeploymentPostprocessing = 0;
		};
		4369B8CB28ECB1E1007B7935 /* Sources */ = {
			isa = PBXSourcesBuildPhase;
			buildActionMask = 2147483647;
			files = (
				4369B8D428ECB1E1007B7935 /* DateCounterUITests.swift in Sources */,
				4369B8D628ECB1E1007B7935 /* DateCounterUITestsLaunchTests.swift in Sources */,
				BFA4700C2945327B00CC6381 /* DateCounterUIPerformanceTests.swift in Sources */,
			);
			runOnlyForDeploymentPostprocessing = 0;
		};
		BFA47010294537DB00CC6381 /* Sources */ = {
			isa = PBXSourcesBuildPhase;
			buildActionMask = 2147483647;
			files = (
				BFA47011294537DB00CC6381 /* DateCounterUITests.swift in Sources */,
				BFA47012294537DB00CC6381 /* DateCounterUITestsLaunchTests.swift in Sources */,
				BFA47013294537DB00CC6381 /* DateCounterUIPerformanceTests.swift in Sources */,
			);
			runOnlyForDeploymentPostprocessing = 0;
		};
/* End PBXSourcesBuildPhase section */

/* Begin PBXTargetDependency section */
		433C6E6D2946AE53003914A0 /* PBXTargetDependency */ = {
			isa = PBXTargetDependency;
			target = 433C6E5B2946AE52003914A0 /* DateCounter Watch App */;
			targetProxy = 433C6E6C2946AE53003914A0 /* PBXContainerItemProxy */;
		};
		433C6E772946AE54003914A0 /* PBXTargetDependency */ = {
			isa = PBXTargetDependency;
			target = 433C6E5B2946AE52003914A0 /* DateCounter Watch App */;
			targetProxy = 433C6E762946AE54003914A0 /* PBXContainerItemProxy */;
		};
		433C6E7E2946AE54003914A0 /* PBXTargetDependency */ = {
			isa = PBXTargetDependency;
			target = 433C6E5B2946AE52003914A0 /* DateCounter Watch App */;
			targetProxy = 433C6E7D2946AE54003914A0 /* PBXContainerItemProxy */;
		};
		435D4792291B1EBB006714A3 /* PBXTargetDependency */ = {
			isa = PBXTargetDependency;
			platformFilter = ios;
			target = 435D477D291B1EBA006714A3 /* WidgetsExtension */;
			targetProxy = 435D4791291B1EBB006714A3 /* PBXContainerItemProxy */;
		};
		435D47BB291F2515006714A3 /* PBXTargetDependency */ = {
			isa = PBXTargetDependency;
			platformFilter = ios;
			target = 435D47A1291F2514006714A3 /* EventIntents */;
			targetProxy = 435D47BA291F2515006714A3 /* PBXContainerItemProxy */;
		};
		4360A7482946D7CA0027FE53 /* PBXTargetDependency */ = {
			isa = PBXTargetDependency;
			platformFilter = ios;
			target = 435D47AC291F2514006714A3 /* EventIntentsUI */;
			targetProxy = 4360A7472946D7CA0027FE53 /* PBXContainerItemProxy */;
		};
		4369B8C728ECB1E1007B7935 /* PBXTargetDependency */ = {
			isa = PBXTargetDependency;
			target = 4369B8AE28ECB1E0007B7935 /* TheDateCounter */;
			targetProxy = 4369B8C628ECB1E1007B7935 /* PBXContainerItemProxy */;
		};
		4369B8D128ECB1E1007B7935 /* PBXTargetDependency */ = {
			isa = PBXTargetDependency;
			target = 4369B8AE28ECB1E0007B7935 /* TheDateCounter */;
			targetProxy = 4369B8D028ECB1E1007B7935 /* PBXContainerItemProxy */;
		};
		BFA4700E294537DB00CC6381 /* PBXTargetDependency */ = {
			isa = PBXTargetDependency;
			target = 4369B8AE28ECB1E0007B7935 /* TheDateCounter */;
			targetProxy = BFA4700F294537DB00CC6381 /* PBXContainerItemProxy */;
		};
/* End PBXTargetDependency section */

/* Begin PBXVariantGroup section */
		435D47B3291F2515006714A3 /* MainInterface.storyboard */ = {
			isa = PBXVariantGroup;
			children = (
				435D47B4291F2515006714A3 /* Base */,
			);
			name = MainInterface.storyboard;
			sourceTree = "<group>";
		};
/* End PBXVariantGroup section */

/* Begin XCBuildConfiguration section */
		433C6E812946AE55003914A0 /* Debug */ = {
			isa = XCBuildConfiguration;
			buildSettings = {
				ASSETCATALOG_COMPILER_APPICON_NAME = AppIcon;
				ASSETCATALOG_COMPILER_GLOBAL_ACCENT_COLOR_NAME = AccentColor;
				CODE_SIGN_STYLE = Automatic;
				CURRENT_PROJECT_VERSION = 1;
				DEVELOPMENT_ASSET_PATHS = "";
				DEVELOPMENT_TEAM = RGUPB9UU3P;
				ENABLE_PREVIEWS = YES;
				GENERATE_INFOPLIST_FILE = YES;
				INFOPLIST_FILE = "DateCounter Watch App/DateCounter-Watch-App-Info.plist";
				INFOPLIST_KEY_CFBundleDisplayName = DateCounter;
				INFOPLIST_KEY_UISupportedInterfaceOrientations = "UIInterfaceOrientationPortrait UIInterfaceOrientationPortraitUpsideDown";
				INFOPLIST_KEY_WKCompanionAppBundleIdentifier = br.com.angelicameira.DateCounter;
				INFOPLIST_KEY_WKRunsIndependentlyOfCompanionApp = YES;
				LD_RUNPATH_SEARCH_PATHS = (
					"$(inherited)",
					"@executable_path/Frameworks",
				);
				PRODUCT_BUNDLE_IDENTIFIER = br.com.angelicameira.DateCounter.watchkitapp;
				PRODUCT_NAME = "$(TARGET_NAME)";
				SDKROOT = watchos;
				SKIP_INSTALL = YES;
				SWIFT_EMIT_LOC_STRINGS = YES;
				SWIFT_VERSION = 5.0;
				TARGETED_DEVICE_FAMILY = 4;
			};
			name = Debug;
		};
		433C6E822946AE55003914A0 /* Test */ = {
			isa = XCBuildConfiguration;
			buildSettings = {
				ASSETCATALOG_COMPILER_APPICON_NAME = AppIcon;
				ASSETCATALOG_COMPILER_GLOBAL_ACCENT_COLOR_NAME = AccentColor;
				CODE_SIGN_STYLE = Automatic;
				CURRENT_PROJECT_VERSION = 1;
				DEVELOPMENT_ASSET_PATHS = "";
				DEVELOPMENT_TEAM = RGUPB9UU3P;
				ENABLE_PREVIEWS = YES;
				GENERATE_INFOPLIST_FILE = YES;
				INFOPLIST_FILE = "DateCounter Watch App/DateCounter-Watch-App-Info.plist";
				INFOPLIST_KEY_CFBundleDisplayName = DateCounter;
				INFOPLIST_KEY_UISupportedInterfaceOrientations = "UIInterfaceOrientationPortrait UIInterfaceOrientationPortraitUpsideDown";
				INFOPLIST_KEY_WKCompanionAppBundleIdentifier = br.com.angelicameira.DateCounter;
				INFOPLIST_KEY_WKRunsIndependentlyOfCompanionApp = YES;
				LD_RUNPATH_SEARCH_PATHS = (
					"$(inherited)",
					"@executable_path/Frameworks",
				);
				PRODUCT_BUNDLE_IDENTIFIER = br.com.angelicameira.DateCounter.watchkitapp;
				PRODUCT_NAME = "$(TARGET_NAME)";
				SDKROOT = watchos;
				SKIP_INSTALL = YES;
				SWIFT_EMIT_LOC_STRINGS = YES;
				SWIFT_VERSION = 5.0;
				TARGETED_DEVICE_FAMILY = 4;
				VALIDATE_PRODUCT = YES;
			};
			name = Test;
		};
		433C6E832946AE55003914A0 /* Release */ = {
			isa = XCBuildConfiguration;
			buildSettings = {
				ASSETCATALOG_COMPILER_APPICON_NAME = AppIcon;
				ASSETCATALOG_COMPILER_GLOBAL_ACCENT_COLOR_NAME = AccentColor;
				CODE_SIGN_STYLE = Automatic;
				CURRENT_PROJECT_VERSION = 1;
				DEVELOPMENT_ASSET_PATHS = "";
				DEVELOPMENT_TEAM = RGUPB9UU3P;
				ENABLE_PREVIEWS = YES;
				GENERATE_INFOPLIST_FILE = YES;
				INFOPLIST_FILE = "DateCounter Watch App/DateCounter-Watch-App-Info.plist";
				INFOPLIST_KEY_CFBundleDisplayName = DateCounter;
				INFOPLIST_KEY_UISupportedInterfaceOrientations = "UIInterfaceOrientationPortrait UIInterfaceOrientationPortraitUpsideDown";
				INFOPLIST_KEY_WKCompanionAppBundleIdentifier = br.com.angelicameira.DateCounter;
				INFOPLIST_KEY_WKRunsIndependentlyOfCompanionApp = YES;
				LD_RUNPATH_SEARCH_PATHS = (
					"$(inherited)",
					"@executable_path/Frameworks",
				);
				PRODUCT_BUNDLE_IDENTIFIER = br.com.angelicameira.DateCounter.watchkitapp;
				PRODUCT_NAME = "$(TARGET_NAME)";
				SDKROOT = watchos;
				SKIP_INSTALL = YES;
				SWIFT_EMIT_LOC_STRINGS = YES;
				SWIFT_VERSION = 5.0;
				TARGETED_DEVICE_FAMILY = 4;
				VALIDATE_PRODUCT = YES;
			};
			name = Release;
		};
		433C6E862946AE55003914A0 /* Debug */ = {
			isa = XCBuildConfiguration;
			buildSettings = {
				ALWAYS_EMBED_SWIFT_STANDARD_LIBRARIES = YES;
				BUNDLE_LOADER = "$(TEST_HOST)";
				CODE_SIGN_STYLE = Automatic;
				CURRENT_PROJECT_VERSION = 1;
				DEVELOPMENT_TEAM = RGUPB9UU3P;
				GENERATE_INFOPLIST_FILE = YES;
				PRODUCT_BUNDLE_IDENTIFIER = "br.com.angelicameira.DateCounter-Watch-AppTests";
				PRODUCT_NAME = "$(TARGET_NAME)";
				SDKROOT = watchos;
				SWIFT_EMIT_LOC_STRINGS = NO;
				SWIFT_VERSION = 5.0;
				TARGETED_DEVICE_FAMILY = 4;
				TEST_HOST = "$(BUILT_PRODUCTS_DIR)/DateCounter Watch App.app/$(BUNDLE_EXECUTABLE_FOLDER_PATH)/DateCounter Watch App";
				WATCHOS_DEPLOYMENT_TARGET = 9.1;
			};
			name = Debug;
		};
		433C6E872946AE55003914A0 /* Test */ = {
			isa = XCBuildConfiguration;
			buildSettings = {
				ALWAYS_EMBED_SWIFT_STANDARD_LIBRARIES = YES;
				BUNDLE_LOADER = "$(TEST_HOST)";
				CODE_SIGN_STYLE = Automatic;
				CURRENT_PROJECT_VERSION = 1;
				DEVELOPMENT_TEAM = RGUPB9UU3P;
				GENERATE_INFOPLIST_FILE = YES;
				PRODUCT_BUNDLE_IDENTIFIER = "br.com.angelicameira.DateCounter-Watch-AppTests";
				PRODUCT_NAME = "$(TARGET_NAME)";
				SDKROOT = watchos;
				SWIFT_EMIT_LOC_STRINGS = NO;
				SWIFT_VERSION = 5.0;
				TARGETED_DEVICE_FAMILY = 4;
				TEST_HOST = "$(BUILT_PRODUCTS_DIR)/DateCounter Watch App.app/$(BUNDLE_EXECUTABLE_FOLDER_PATH)/DateCounter Watch App";
				VALIDATE_PRODUCT = YES;
				WATCHOS_DEPLOYMENT_TARGET = 9.1;
			};
			name = Test;
		};
		433C6E882946AE55003914A0 /* Release */ = {
			isa = XCBuildConfiguration;
			buildSettings = {
				ALWAYS_EMBED_SWIFT_STANDARD_LIBRARIES = YES;
				BUNDLE_LOADER = "$(TEST_HOST)";
				CODE_SIGN_STYLE = Automatic;
				CURRENT_PROJECT_VERSION = 1;
				DEVELOPMENT_TEAM = RGUPB9UU3P;
				GENERATE_INFOPLIST_FILE = YES;
				PRODUCT_BUNDLE_IDENTIFIER = "br.com.angelicameira.DateCounter-Watch-AppTests";
				PRODUCT_NAME = "$(TARGET_NAME)";
				SDKROOT = watchos;
				SWIFT_EMIT_LOC_STRINGS = NO;
				SWIFT_VERSION = 5.0;
				TARGETED_DEVICE_FAMILY = 4;
				TEST_HOST = "$(BUILT_PRODUCTS_DIR)/DateCounter Watch App.app/$(BUNDLE_EXECUTABLE_FOLDER_PATH)/DateCounter Watch App";
				VALIDATE_PRODUCT = YES;
				WATCHOS_DEPLOYMENT_TARGET = 9.1;
			};
			name = Release;
		};
		433C6E8A2946AE55003914A0 /* Debug */ = {
			isa = XCBuildConfiguration;
			buildSettings = {
				ALWAYS_EMBED_SWIFT_STANDARD_LIBRARIES = YES;
				CODE_SIGN_STYLE = Automatic;
				CURRENT_PROJECT_VERSION = 1;
				DEVELOPMENT_TEAM = RGUPB9UU3P;
				GENERATE_INFOPLIST_FILE = YES;
				PRODUCT_BUNDLE_IDENTIFIER = "br.com.angelicameira.DateCounter-Watch-AppUITests";
				PRODUCT_NAME = "$(TARGET_NAME)";
				SDKROOT = watchos;
				SWIFT_EMIT_LOC_STRINGS = NO;
				SWIFT_VERSION = 5.0;
				TARGETED_DEVICE_FAMILY = 4;
				TEST_TARGET_NAME = "DateCounter Watch App";
				WATCHOS_DEPLOYMENT_TARGET = 9.1;
			};
			name = Debug;
		};
		433C6E8B2946AE55003914A0 /* Test */ = {
			isa = XCBuildConfiguration;
			buildSettings = {
				ALWAYS_EMBED_SWIFT_STANDARD_LIBRARIES = YES;
				CODE_SIGN_STYLE = Automatic;
				CURRENT_PROJECT_VERSION = 1;
				DEVELOPMENT_TEAM = RGUPB9UU3P;
				GENERATE_INFOPLIST_FILE = YES;
				PRODUCT_BUNDLE_IDENTIFIER = "br.com.angelicameira.DateCounter-Watch-AppUITests";
				PRODUCT_NAME = "$(TARGET_NAME)";
				SDKROOT = watchos;
				SWIFT_EMIT_LOC_STRINGS = NO;
				SWIFT_VERSION = 5.0;
				TARGETED_DEVICE_FAMILY = 4;
				TEST_TARGET_NAME = "DateCounter Watch App";
				VALIDATE_PRODUCT = YES;
				WATCHOS_DEPLOYMENT_TARGET = 9.1;
			};
			name = Test;
		};
		433C6E8C2946AE55003914A0 /* Release */ = {
			isa = XCBuildConfiguration;
			buildSettings = {
				ALWAYS_EMBED_SWIFT_STANDARD_LIBRARIES = YES;
				CODE_SIGN_STYLE = Automatic;
				CURRENT_PROJECT_VERSION = 1;
				DEVELOPMENT_TEAM = RGUPB9UU3P;
				GENERATE_INFOPLIST_FILE = YES;
				PRODUCT_BUNDLE_IDENTIFIER = "br.com.angelicameira.DateCounter-Watch-AppUITests";
				PRODUCT_NAME = "$(TARGET_NAME)";
				SDKROOT = watchos;
				SWIFT_EMIT_LOC_STRINGS = NO;
				SWIFT_VERSION = 5.0;
				TARGETED_DEVICE_FAMILY = 4;
				TEST_TARGET_NAME = "DateCounter Watch App";
				VALIDATE_PRODUCT = YES;
				WATCHOS_DEPLOYMENT_TARGET = 9.1;
			};
			name = Release;
		};
		435686FF29382A51005B0318 /* Test */ = {
			isa = XCBuildConfiguration;
			buildSettings = {
				ALWAYS_SEARCH_USER_PATHS = NO;
				CLANG_ANALYZER_NONNULL = YES;
				CLANG_ANALYZER_NUMBER_OBJECT_CONVERSION = YES_AGGRESSIVE;
				CLANG_CXX_LANGUAGE_STANDARD = "gnu++20";
				CLANG_ENABLE_MODULES = YES;
				CLANG_ENABLE_OBJC_ARC = YES;
				CLANG_ENABLE_OBJC_WEAK = YES;
				CLANG_WARN_BLOCK_CAPTURE_AUTORELEASING = YES;
				CLANG_WARN_BOOL_CONVERSION = YES;
				CLANG_WARN_COMMA = YES;
				CLANG_WARN_CONSTANT_CONVERSION = YES;
				CLANG_WARN_DEPRECATED_OBJC_IMPLEMENTATIONS = YES;
				CLANG_WARN_DIRECT_OBJC_ISA_USAGE = YES_ERROR;
				CLANG_WARN_DOCUMENTATION_COMMENTS = YES;
				CLANG_WARN_EMPTY_BODY = YES;
				CLANG_WARN_ENUM_CONVERSION = YES;
				CLANG_WARN_INFINITE_RECURSION = YES;
				CLANG_WARN_INT_CONVERSION = YES;
				CLANG_WARN_NON_LITERAL_NULL_CONVERSION = YES;
				CLANG_WARN_OBJC_IMPLICIT_RETAIN_SELF = YES;
				CLANG_WARN_OBJC_LITERAL_CONVERSION = YES;
				CLANG_WARN_OBJC_ROOT_CLASS = YES_ERROR;
				CLANG_WARN_QUOTED_INCLUDE_IN_FRAMEWORK_HEADER = YES;
				CLANG_WARN_RANGE_LOOP_ANALYSIS = YES;
				CLANG_WARN_STRICT_PROTOTYPES = YES;
				CLANG_WARN_SUSPICIOUS_MOVE = YES;
				CLANG_WARN_UNGUARDED_AVAILABILITY = YES_AGGRESSIVE;
				CLANG_WARN_UNREACHABLE_CODE = YES;
				CLANG_WARN__DUPLICATE_METHOD_MATCH = YES;
				COPY_PHASE_STRIP = NO;
				DEAD_CODE_STRIPPING = YES;
				DEBUG_INFORMATION_FORMAT = dwarf;
				ENABLE_STRICT_OBJC_MSGSEND = YES;
				ENABLE_TESTABILITY = YES;
				GCC_C_LANGUAGE_STANDARD = gnu11;
				GCC_DYNAMIC_NO_PIC = NO;
				GCC_NO_COMMON_BLOCKS = YES;
				GCC_OPTIMIZATION_LEVEL = 0;
				GCC_PREPROCESSOR_DEFINITIONS = (
					"DEBUG=1",
					"$(inherited)",
					"TEST=1",
				);
				GCC_WARN_64_TO_32_BIT_CONVERSION = YES;
				GCC_WARN_ABOUT_RETURN_TYPE = YES_ERROR;
				GCC_WARN_UNDECLARED_SELECTOR = YES;
				GCC_WARN_UNINITIALIZED_AUTOS = YES_AGGRESSIVE;
				GCC_WARN_UNUSED_FUNCTION = YES;
				GCC_WARN_UNUSED_VARIABLE = YES;
				IPHONEOS_DEPLOYMENT_TARGET = 15.0;
				MACOSX_DEPLOYMENT_TARGET = 12.0;
				MARKETING_VERSION = 1.1;
				MTL_ENABLE_DEBUG_INFO = INCLUDE_SOURCE;
				MTL_FAST_MATH = YES;
				ONLY_ACTIVE_ARCH = YES;
				PRODUCT_BUNDLE_IDENTIFIER = br.com.angelicameira.DateCounter;
				SWIFT_ACTIVE_COMPILATION_CONDITIONS = "DEBUG TEST";
				SWIFT_OPTIMIZATION_LEVEL = "-Onone";
				WATCHOS_DEPLOYMENT_TARGET = 9.0;
			};
			name = Test;
		};
		4356870029382A51005B0318 /* Test */ = {
			isa = XCBuildConfiguration;
			buildSettings = {
				ALWAYS_EMBED_SWIFT_STANDARD_LIBRARIES = YES;
				ASSETCATALOG_COMPILER_APPICON_NAME = AppIcon;
				ASSETCATALOG_COMPILER_GLOBAL_ACCENT_COLOR_NAME = AccentColor;
				CODE_SIGN_ENTITLEMENTS = DateCounter/DateCounter.entitlements;
				CODE_SIGN_STYLE = Automatic;
				CURRENT_PROJECT_VERSION = 1;
				DEAD_CODE_STRIPPING = YES;
				DEVELOPMENT_ASSET_PATHS = "\"DateCounter/Preview Content\"";
				DEVELOPMENT_TEAM = RGUPB9UU3P;
				ENABLE_PREVIEWS = YES;
				GENERATE_INFOPLIST_FILE = YES;
				INFOPLIST_FILE = DateCounter/Info.plist;
				INFOPLIST_KEY_CFBundleDisplayName = "Date Counter";
				INFOPLIST_KEY_LSApplicationCategoryType = "public.app-category.productivity";
				"INFOPLIST_KEY_UIApplicationSceneManifest_Generation[sdk=iphoneos*]" = YES;
				"INFOPLIST_KEY_UIApplicationSceneManifest_Generation[sdk=iphonesimulator*]" = YES;
				"INFOPLIST_KEY_UIApplicationSupportsIndirectInputEvents[sdk=iphoneos*]" = YES;
				"INFOPLIST_KEY_UIApplicationSupportsIndirectInputEvents[sdk=iphonesimulator*]" = YES;
				"INFOPLIST_KEY_UILaunchScreen_Generation[sdk=iphoneos*]" = YES;
				"INFOPLIST_KEY_UILaunchScreen_Generation[sdk=iphonesimulator*]" = YES;
				"INFOPLIST_KEY_UIStatusBarStyle[sdk=iphoneos*]" = UIStatusBarStyleDefault;
				"INFOPLIST_KEY_UIStatusBarStyle[sdk=iphonesimulator*]" = UIStatusBarStyleDefault;
				INFOPLIST_KEY_UISupportedInterfaceOrientations_iPad = "UIInterfaceOrientationPortrait UIInterfaceOrientationPortraitUpsideDown UIInterfaceOrientationLandscapeLeft UIInterfaceOrientationLandscapeRight";
				INFOPLIST_KEY_UISupportedInterfaceOrientations_iPhone = "UIInterfaceOrientationPortrait UIInterfaceOrientationLandscapeLeft UIInterfaceOrientationLandscapeRight";
				LD_RUNPATH_SEARCH_PATHS = "@executable_path/Frameworks";
				"LD_RUNPATH_SEARCH_PATHS[sdk=macosx*]" = "@executable_path/../Frameworks";
				PRODUCT_NAME = "$(TARGET_NAME)";
				SDKROOT = auto;
				SUPPORTED_PLATFORMS = "iphoneos iphonesimulator macosx watchsimulator watchos";
				SWIFT_EMIT_LOC_STRINGS = YES;
				SWIFT_VERSION = 5.0;
				TARGETED_DEVICE_FAMILY = "1,2";
			};
			name = Test;
		};
		4356870129382A51005B0318 /* Test */ = {
			isa = XCBuildConfiguration;
			buildSettings = {
				ALWAYS_EMBED_SWIFT_STANDARD_LIBRARIES = YES;
				BUNDLE_LOADER = "$(TEST_HOST)";
				CODE_SIGN_STYLE = Automatic;
				CURRENT_PROJECT_VERSION = 1;
				DEAD_CODE_STRIPPING = YES;
				DEVELOPMENT_TEAM = RGUPB9UU3P;
				GENERATE_INFOPLIST_FILE = YES;
				PRODUCT_BUNDLE_IDENTIFIER = "$(PRODUCT_BUNDLE_IDENTIFIER)Tests";
				PRODUCT_NAME = "$(TARGET_NAME)";
				SDKROOT = auto;
				SUPPORTED_PLATFORMS = "iphoneos iphonesimulator macosx";
				SWIFT_EMIT_LOC_STRINGS = NO;
				SWIFT_VERSION = 5.0;
				TARGETED_DEVICE_FAMILY = "1,2";
				TEST_HOST = "$(BUILT_PRODUCTS_DIR)/TheDateCounter.app/$(BUNDLE_EXECUTABLE_FOLDER_PATH)/TheDateCounter";
			};
			name = Test;
		};
		4356870229382A51005B0318 /* Test */ = {
			isa = XCBuildConfiguration;
			buildSettings = {
				ALWAYS_EMBED_SWIFT_STANDARD_LIBRARIES = YES;
				CODE_SIGN_STYLE = Automatic;
				CURRENT_PROJECT_VERSION = 1;
				DEAD_CODE_STRIPPING = YES;
				DEVELOPMENT_TEAM = RGUPB9UU3P;
				GENERATE_INFOPLIST_FILE = YES;
				PRODUCT_BUNDLE_IDENTIFIER = "$(PRODUCT_BUNDLE_IDENTIFIER)UITests";
				PRODUCT_NAME = "$(TARGET_NAME)";
				PROVISIONING_PROFILE = "";
				SDKROOT = auto;
				SUPPORTED_PLATFORMS = "iphoneos iphonesimulator macosx";
				SWIFT_EMIT_LOC_STRINGS = NO;
				SWIFT_VERSION = 5.0;
				TARGETED_DEVICE_FAMILY = "1,2";
				TEST_TARGET_NAME = TheDateCounter;
			};
			name = Test;
		};
		4356870329382A51005B0318 /* Test */ = {
			isa = XCBuildConfiguration;
			buildSettings = {
				ASSETCATALOG_COMPILER_GLOBAL_ACCENT_COLOR_NAME = AccentColor;
				ASSETCATALOG_COMPILER_WIDGET_BACKGROUND_COLOR_NAME = WidgetBackground;
				CODE_SIGN_ENTITLEMENTS = WidgetsExtension.entitlements;
				CODE_SIGN_STYLE = Automatic;
				CURRENT_PROJECT_VERSION = 1;
				DEVELOPMENT_TEAM = RGUPB9UU3P;
				GENERATE_INFOPLIST_FILE = YES;
				INFOPLIST_FILE = Widgets/Info.plist;
				INFOPLIST_KEY_CFBundleDisplayName = Widgets;
				INFOPLIST_KEY_NSHumanReadableCopyright = "";
				IPHONEOS_DEPLOYMENT_TARGET = 16.0;
				LD_RUNPATH_SEARCH_PATHS = (
					"$(inherited)",
					"@executable_path/Frameworks",
					"@executable_path/../../Frameworks",
				);
				PRODUCT_BUNDLE_IDENTIFIER = "$(PRODUCT_BUNDLE_IDENTIFIER).Widgets";
				PRODUCT_NAME = "$(TARGET_NAME)";
				SDKROOT = iphoneos;
				SKIP_INSTALL = YES;
				SWIFT_ACTIVE_COMPILATION_CONDITIONS = "READONLY_COREDATA $(inherited)";
				SWIFT_EMIT_LOC_STRINGS = YES;
				SWIFT_VERSION = 5.0;
				TARGETED_DEVICE_FAMILY = "1,2";
			};
			name = Test;
		};
		4356870429382A51005B0318 /* Test */ = {
			isa = XCBuildConfiguration;
			buildSettings = {
				CODE_SIGN_ENTITLEMENTS = EventIntents/EventIntents.entitlements;
				CODE_SIGN_STYLE = Automatic;
				CURRENT_PROJECT_VERSION = 1;
				DEVELOPMENT_TEAM = RGUPB9UU3P;
				GENERATE_INFOPLIST_FILE = YES;
				INFOPLIST_FILE = EventIntents/Info.plist;
				INFOPLIST_KEY_CFBundleDisplayName = EventIntents;
				INFOPLIST_KEY_NSHumanReadableCopyright = "";
				IPHONEOS_DEPLOYMENT_TARGET = 16.0;
				LD_RUNPATH_SEARCH_PATHS = (
					"$(inherited)",
					"@executable_path/Frameworks",
					"@executable_path/../../Frameworks",
				);
				PRODUCT_BUNDLE_IDENTIFIER = "$(PRODUCT_BUNDLE_IDENTIFIER).EventIntents";
				PRODUCT_NAME = "$(TARGET_NAME)";
				SDKROOT = iphoneos;
				SKIP_INSTALL = YES;
				SWIFT_ACTIVE_COMPILATION_CONDITIONS = "READONLY_COREDATA $(inherited)";
				SWIFT_EMIT_LOC_STRINGS = YES;
				SWIFT_VERSION = 5.0;
				TARGETED_DEVICE_FAMILY = "1,2";
			};
			name = Test;
		};
		4356870529382A51005B0318 /* Test */ = {
			isa = XCBuildConfiguration;
			buildSettings = {
				CODE_SIGN_ENTITLEMENTS = EventIntentsUI/EventIntentsUI.entitlements;
				CODE_SIGN_STYLE = Automatic;
				CURRENT_PROJECT_VERSION = 1;
				DEVELOPMENT_TEAM = RGUPB9UU3P;
				GENERATE_INFOPLIST_FILE = YES;
				INFOPLIST_FILE = EventIntentsUI/Info.plist;
				INFOPLIST_KEY_CFBundleDisplayName = EventIntentsUI;
				INFOPLIST_KEY_NSHumanReadableCopyright = "";
				IPHONEOS_DEPLOYMENT_TARGET = 16.0;
				LD_RUNPATH_SEARCH_PATHS = (
					"$(inherited)",
					"@executable_path/Frameworks",
					"@executable_path/../../Frameworks",
				);
				PRODUCT_BUNDLE_IDENTIFIER = "$(PRODUCT_BUNDLE_IDENTIFIER).EventIntentsUI";
				PRODUCT_NAME = "$(TARGET_NAME)";
				SDKROOT = iphoneos;
				SKIP_INSTALL = YES;
				SUPPORTED_PLATFORMS = "iphonesimulator iphoneos";
				SWIFT_ACTIVE_COMPILATION_CONDITIONS = "READONLY_COREDATA $(inherited)";
				SWIFT_EMIT_LOC_STRINGS = YES;
				SWIFT_VERSION = 5.0;
				TARGETED_DEVICE_FAMILY = "1,2";
			};
			name = Test;
		};
		435D4795291B1EBB006714A3 /* Debug */ = {
			isa = XCBuildConfiguration;
			buildSettings = {
				ASSETCATALOG_COMPILER_GLOBAL_ACCENT_COLOR_NAME = AccentColor;
				ASSETCATALOG_COMPILER_WIDGET_BACKGROUND_COLOR_NAME = WidgetBackground;
				CODE_SIGN_ENTITLEMENTS = WidgetsExtension.entitlements;
				CODE_SIGN_STYLE = Automatic;
				CURRENT_PROJECT_VERSION = 1;
				DEVELOPMENT_TEAM = RGUPB9UU3P;
				GENERATE_INFOPLIST_FILE = YES;
				INFOPLIST_FILE = Widgets/Info.plist;
				INFOPLIST_KEY_CFBundleDisplayName = Widgets;
				INFOPLIST_KEY_NSHumanReadableCopyright = "";
				IPHONEOS_DEPLOYMENT_TARGET = 16.0;
				LD_RUNPATH_SEARCH_PATHS = (
					"$(inherited)",
					"@executable_path/Frameworks",
					"@executable_path/../../Frameworks",
				);
				PRODUCT_BUNDLE_IDENTIFIER = "$(PRODUCT_BUNDLE_IDENTIFIER).Widgets";
				PRODUCT_NAME = "$(TARGET_NAME)";
				SDKROOT = iphoneos;
				SKIP_INSTALL = YES;
				SWIFT_ACTIVE_COMPILATION_CONDITIONS = "READONLY_COREDATA $(inherited)";
				SWIFT_EMIT_LOC_STRINGS = YES;
				SWIFT_VERSION = 5.0;
				TARGETED_DEVICE_FAMILY = "1,2";
			};
			name = Debug;
		};
		435D4796291B1EBB006714A3 /* Release */ = {
			isa = XCBuildConfiguration;
			buildSettings = {
				ASSETCATALOG_COMPILER_GLOBAL_ACCENT_COLOR_NAME = AccentColor;
				ASSETCATALOG_COMPILER_WIDGET_BACKGROUND_COLOR_NAME = WidgetBackground;
				CODE_SIGN_ENTITLEMENTS = WidgetsExtension.entitlements;
				CODE_SIGN_STYLE = Automatic;
				CURRENT_PROJECT_VERSION = 1;
				DEVELOPMENT_TEAM = RGUPB9UU3P;
				GENERATE_INFOPLIST_FILE = YES;
				INFOPLIST_FILE = Widgets/Info.plist;
				INFOPLIST_KEY_CFBundleDisplayName = Widgets;
				INFOPLIST_KEY_NSHumanReadableCopyright = "";
				IPHONEOS_DEPLOYMENT_TARGET = 16.0;
				LD_RUNPATH_SEARCH_PATHS = (
					"$(inherited)",
					"@executable_path/Frameworks",
					"@executable_path/../../Frameworks",
				);
				PRODUCT_BUNDLE_IDENTIFIER = "$(PRODUCT_BUNDLE_IDENTIFIER).Widgets";
				PRODUCT_NAME = "$(TARGET_NAME)";
				SDKROOT = iphoneos;
				SKIP_INSTALL = YES;
				SWIFT_EMIT_LOC_STRINGS = YES;
				SWIFT_VERSION = 5.0;
				TARGETED_DEVICE_FAMILY = "1,2";
				VALIDATE_PRODUCT = YES;
			};
			name = Release;
		};
		435D47BE291F2515006714A3 /* Debug */ = {
			isa = XCBuildConfiguration;
			buildSettings = {
				CODE_SIGN_ENTITLEMENTS = EventIntentsUI/EventIntentsUI.entitlements;
				CODE_SIGN_STYLE = Automatic;
				CURRENT_PROJECT_VERSION = 1;
				DEVELOPMENT_TEAM = RGUPB9UU3P;
				GENERATE_INFOPLIST_FILE = YES;
				INFOPLIST_FILE = EventIntentsUI/Info.plist;
				INFOPLIST_KEY_CFBundleDisplayName = EventIntentsUI;
				INFOPLIST_KEY_NSHumanReadableCopyright = "";
				IPHONEOS_DEPLOYMENT_TARGET = 16.0;
				LD_RUNPATH_SEARCH_PATHS = (
					"$(inherited)",
					"@executable_path/Frameworks",
					"@executable_path/../../Frameworks",
				);
				PRODUCT_BUNDLE_IDENTIFIER = "$(PRODUCT_BUNDLE_IDENTIFIER).EventIntentsUI";
				PRODUCT_NAME = "$(TARGET_NAME)";
				SDKROOT = iphoneos;
				SKIP_INSTALL = YES;
				SUPPORTED_PLATFORMS = "iphonesimulator iphoneos";
				SWIFT_ACTIVE_COMPILATION_CONDITIONS = "READONLY_COREDATA $(inherited)";
				SWIFT_EMIT_LOC_STRINGS = YES;
				SWIFT_VERSION = 5.0;
				TARGETED_DEVICE_FAMILY = "1,2";
			};
			name = Debug;
		};
		435D47BF291F2515006714A3 /* Release */ = {
			isa = XCBuildConfiguration;
			buildSettings = {
				CODE_SIGN_ENTITLEMENTS = EventIntentsUI/EventIntentsUI.entitlements;
				CODE_SIGN_STYLE = Automatic;
				CURRENT_PROJECT_VERSION = 1;
				DEVELOPMENT_TEAM = RGUPB9UU3P;
				GENERATE_INFOPLIST_FILE = YES;
				INFOPLIST_FILE = EventIntentsUI/Info.plist;
				INFOPLIST_KEY_CFBundleDisplayName = EventIntentsUI;
				INFOPLIST_KEY_NSHumanReadableCopyright = "";
				IPHONEOS_DEPLOYMENT_TARGET = 16.0;
				LD_RUNPATH_SEARCH_PATHS = (
					"$(inherited)",
					"@executable_path/Frameworks",
					"@executable_path/../../Frameworks",
				);
				PRODUCT_BUNDLE_IDENTIFIER = "$(PRODUCT_BUNDLE_IDENTIFIER).EventIntentsUI";
				PRODUCT_NAME = "$(TARGET_NAME)";
				SDKROOT = iphoneos;
				SKIP_INSTALL = YES;
				SUPPORTED_PLATFORMS = "iphonesimulator iphoneos";
				SWIFT_EMIT_LOC_STRINGS = YES;
				SWIFT_VERSION = 5.0;
				TARGETED_DEVICE_FAMILY = "1,2";
				VALIDATE_PRODUCT = YES;
			};
			name = Release;
		};
		435D47C1291F2515006714A3 /* Debug */ = {
			isa = XCBuildConfiguration;
			buildSettings = {
				CODE_SIGN_ENTITLEMENTS = EventIntents/EventIntents.entitlements;
				CODE_SIGN_STYLE = Automatic;
				CURRENT_PROJECT_VERSION = 1;
				DEVELOPMENT_TEAM = RGUPB9UU3P;
				GENERATE_INFOPLIST_FILE = YES;
				INFOPLIST_FILE = EventIntents/Info.plist;
				INFOPLIST_KEY_CFBundleDisplayName = EventIntents;
				INFOPLIST_KEY_NSHumanReadableCopyright = "";
				IPHONEOS_DEPLOYMENT_TARGET = 16.0;
				LD_RUNPATH_SEARCH_PATHS = (
					"$(inherited)",
					"@executable_path/Frameworks",
					"@executable_path/../../Frameworks",
				);
				PRODUCT_BUNDLE_IDENTIFIER = "$(PRODUCT_BUNDLE_IDENTIFIER).EventIntents";
				PRODUCT_NAME = "$(TARGET_NAME)";
				SDKROOT = iphoneos;
				SKIP_INSTALL = YES;
				SWIFT_ACTIVE_COMPILATION_CONDITIONS = "READONLY_COREDATA $(inherited)";
				SWIFT_EMIT_LOC_STRINGS = YES;
				SWIFT_VERSION = 5.0;
				TARGETED_DEVICE_FAMILY = "1,2";
			};
			name = Debug;
		};
		435D47C2291F2515006714A3 /* Release */ = {
			isa = XCBuildConfiguration;
			buildSettings = {
				CODE_SIGN_ENTITLEMENTS = EventIntents/EventIntents.entitlements;
				CODE_SIGN_STYLE = Automatic;
				CURRENT_PROJECT_VERSION = 1;
				DEVELOPMENT_TEAM = RGUPB9UU3P;
				GENERATE_INFOPLIST_FILE = YES;
				INFOPLIST_FILE = EventIntents/Info.plist;
				INFOPLIST_KEY_CFBundleDisplayName = EventIntents;
				INFOPLIST_KEY_NSHumanReadableCopyright = "";
				IPHONEOS_DEPLOYMENT_TARGET = 16.0;
				LD_RUNPATH_SEARCH_PATHS = (
					"$(inherited)",
					"@executable_path/Frameworks",
					"@executable_path/../../Frameworks",
				);
				PRODUCT_BUNDLE_IDENTIFIER = "$(PRODUCT_BUNDLE_IDENTIFIER).EventIntents";
				PRODUCT_NAME = "$(TARGET_NAME)";
				SDKROOT = iphoneos;
				SKIP_INSTALL = YES;
				SWIFT_EMIT_LOC_STRINGS = YES;
				SWIFT_VERSION = 5.0;
				TARGETED_DEVICE_FAMILY = "1,2";
				VALIDATE_PRODUCT = YES;
			};
			name = Release;
		};
		4369B8D728ECB1E1007B7935 /* Debug */ = {
			isa = XCBuildConfiguration;
			buildSettings = {
				ALWAYS_SEARCH_USER_PATHS = NO;
				CLANG_ANALYZER_NONNULL = YES;
				CLANG_ANALYZER_NUMBER_OBJECT_CONVERSION = YES_AGGRESSIVE;
				CLANG_CXX_LANGUAGE_STANDARD = "gnu++20";
				CLANG_ENABLE_MODULES = YES;
				CLANG_ENABLE_OBJC_ARC = YES;
				CLANG_ENABLE_OBJC_WEAK = YES;
				CLANG_WARN_BLOCK_CAPTURE_AUTORELEASING = YES;
				CLANG_WARN_BOOL_CONVERSION = YES;
				CLANG_WARN_COMMA = YES;
				CLANG_WARN_CONSTANT_CONVERSION = YES;
				CLANG_WARN_DEPRECATED_OBJC_IMPLEMENTATIONS = YES;
				CLANG_WARN_DIRECT_OBJC_ISA_USAGE = YES_ERROR;
				CLANG_WARN_DOCUMENTATION_COMMENTS = YES;
				CLANG_WARN_EMPTY_BODY = YES;
				CLANG_WARN_ENUM_CONVERSION = YES;
				CLANG_WARN_INFINITE_RECURSION = YES;
				CLANG_WARN_INT_CONVERSION = YES;
				CLANG_WARN_NON_LITERAL_NULL_CONVERSION = YES;
				CLANG_WARN_OBJC_IMPLICIT_RETAIN_SELF = YES;
				CLANG_WARN_OBJC_LITERAL_CONVERSION = YES;
				CLANG_WARN_OBJC_ROOT_CLASS = YES_ERROR;
				CLANG_WARN_QUOTED_INCLUDE_IN_FRAMEWORK_HEADER = YES;
				CLANG_WARN_RANGE_LOOP_ANALYSIS = YES;
				CLANG_WARN_STRICT_PROTOTYPES = YES;
				CLANG_WARN_SUSPICIOUS_MOVE = YES;
				CLANG_WARN_UNGUARDED_AVAILABILITY = YES_AGGRESSIVE;
				CLANG_WARN_UNREACHABLE_CODE = YES;
				CLANG_WARN__DUPLICATE_METHOD_MATCH = YES;
				COPY_PHASE_STRIP = NO;
				DEAD_CODE_STRIPPING = YES;
				DEBUG_INFORMATION_FORMAT = dwarf;
				ENABLE_STRICT_OBJC_MSGSEND = YES;
				ENABLE_TESTABILITY = YES;
				GCC_C_LANGUAGE_STANDARD = gnu11;
				GCC_DYNAMIC_NO_PIC = NO;
				GCC_NO_COMMON_BLOCKS = YES;
				GCC_OPTIMIZATION_LEVEL = 0;
				GCC_PREPROCESSOR_DEFINITIONS = (
					"DEBUG=1",
					"$(inherited)",
				);
				GCC_WARN_64_TO_32_BIT_CONVERSION = YES;
				GCC_WARN_ABOUT_RETURN_TYPE = YES_ERROR;
				GCC_WARN_UNDECLARED_SELECTOR = YES;
				GCC_WARN_UNINITIALIZED_AUTOS = YES_AGGRESSIVE;
				GCC_WARN_UNUSED_FUNCTION = YES;
				GCC_WARN_UNUSED_VARIABLE = YES;
				IPHONEOS_DEPLOYMENT_TARGET = 15.0;
				MACOSX_DEPLOYMENT_TARGET = 12.0;
				MARKETING_VERSION = 1.1;
				MTL_ENABLE_DEBUG_INFO = INCLUDE_SOURCE;
				MTL_FAST_MATH = YES;
				ONLY_ACTIVE_ARCH = YES;
				PRODUCT_BUNDLE_IDENTIFIER = br.com.angelicameira.DateCounter;
				SWIFT_ACTIVE_COMPILATION_CONDITIONS = DEBUG;
				SWIFT_OPTIMIZATION_LEVEL = "-Onone";
				WATCHOS_DEPLOYMENT_TARGET = 9.0;
			};
			name = Debug;
		};
		4369B8D828ECB1E1007B7935 /* Release */ = {
			isa = XCBuildConfiguration;
			buildSettings = {
				ALWAYS_SEARCH_USER_PATHS = NO;
				CLANG_ANALYZER_NONNULL = YES;
				CLANG_ANALYZER_NUMBER_OBJECT_CONVERSION = YES_AGGRESSIVE;
				CLANG_CXX_LANGUAGE_STANDARD = "gnu++20";
				CLANG_ENABLE_MODULES = YES;
				CLANG_ENABLE_OBJC_ARC = YES;
				CLANG_ENABLE_OBJC_WEAK = YES;
				CLANG_WARN_BLOCK_CAPTURE_AUTORELEASING = YES;
				CLANG_WARN_BOOL_CONVERSION = YES;
				CLANG_WARN_COMMA = YES;
				CLANG_WARN_CONSTANT_CONVERSION = YES;
				CLANG_WARN_DEPRECATED_OBJC_IMPLEMENTATIONS = YES;
				CLANG_WARN_DIRECT_OBJC_ISA_USAGE = YES_ERROR;
				CLANG_WARN_DOCUMENTATION_COMMENTS = YES;
				CLANG_WARN_EMPTY_BODY = YES;
				CLANG_WARN_ENUM_CONVERSION = YES;
				CLANG_WARN_INFINITE_RECURSION = YES;
				CLANG_WARN_INT_CONVERSION = YES;
				CLANG_WARN_NON_LITERAL_NULL_CONVERSION = YES;
				CLANG_WARN_OBJC_IMPLICIT_RETAIN_SELF = YES;
				CLANG_WARN_OBJC_LITERAL_CONVERSION = YES;
				CLANG_WARN_OBJC_ROOT_CLASS = YES_ERROR;
				CLANG_WARN_QUOTED_INCLUDE_IN_FRAMEWORK_HEADER = YES;
				CLANG_WARN_RANGE_LOOP_ANALYSIS = YES;
				CLANG_WARN_STRICT_PROTOTYPES = YES;
				CLANG_WARN_SUSPICIOUS_MOVE = YES;
				CLANG_WARN_UNGUARDED_AVAILABILITY = YES_AGGRESSIVE;
				CLANG_WARN_UNREACHABLE_CODE = YES;
				CLANG_WARN__DUPLICATE_METHOD_MATCH = YES;
				COPY_PHASE_STRIP = NO;
				DEAD_CODE_STRIPPING = YES;
				DEBUG_INFORMATION_FORMAT = "dwarf-with-dsym";
				ENABLE_NS_ASSERTIONS = NO;
				ENABLE_STRICT_OBJC_MSGSEND = YES;
				GCC_C_LANGUAGE_STANDARD = gnu11;
				GCC_NO_COMMON_BLOCKS = YES;
				GCC_WARN_64_TO_32_BIT_CONVERSION = YES;
				GCC_WARN_ABOUT_RETURN_TYPE = YES_ERROR;
				GCC_WARN_UNDECLARED_SELECTOR = YES;
				GCC_WARN_UNINITIALIZED_AUTOS = YES_AGGRESSIVE;
				GCC_WARN_UNUSED_FUNCTION = YES;
				GCC_WARN_UNUSED_VARIABLE = YES;
				IPHONEOS_DEPLOYMENT_TARGET = 15.0;
				MACOSX_DEPLOYMENT_TARGET = 12.0;
				MARKETING_VERSION = 1.1;
				MTL_ENABLE_DEBUG_INFO = NO;
				MTL_FAST_MATH = YES;
				PRODUCT_BUNDLE_IDENTIFIER = br.com.angelicameira.DateCounter;
				SWIFT_COMPILATION_MODE = wholemodule;
				SWIFT_OPTIMIZATION_LEVEL = "-O";
				WATCHOS_DEPLOYMENT_TARGET = 9.0;
			};
			name = Release;
		};
		4369B8DA28ECB1E1007B7935 /* Debug */ = {
			isa = XCBuildConfiguration;
			buildSettings = {
				ALWAYS_EMBED_SWIFT_STANDARD_LIBRARIES = YES;
				ASSETCATALOG_COMPILER_APPICON_NAME = AppIcon;
				ASSETCATALOG_COMPILER_GLOBAL_ACCENT_COLOR_NAME = AccentColor;
				CODE_SIGN_ENTITLEMENTS = DateCounter/DateCounter.entitlements;
				CODE_SIGN_STYLE = Automatic;
				CURRENT_PROJECT_VERSION = 1;
				DEAD_CODE_STRIPPING = YES;
				DEVELOPMENT_ASSET_PATHS = "\"DateCounter/Preview Content\"";
				DEVELOPMENT_TEAM = RGUPB9UU3P;
				ENABLE_PREVIEWS = YES;
				GENERATE_INFOPLIST_FILE = YES;
				INFOPLIST_FILE = DateCounter/Info.plist;
				INFOPLIST_KEY_CFBundleDisplayName = "Date Counter";
				INFOPLIST_KEY_LSApplicationCategoryType = "public.app-category.productivity";
				"INFOPLIST_KEY_UIApplicationSceneManifest_Generation[sdk=iphoneos*]" = YES;
				"INFOPLIST_KEY_UIApplicationSceneManifest_Generation[sdk=iphonesimulator*]" = YES;
				"INFOPLIST_KEY_UIApplicationSupportsIndirectInputEvents[sdk=iphoneos*]" = YES;
				"INFOPLIST_KEY_UIApplicationSupportsIndirectInputEvents[sdk=iphonesimulator*]" = YES;
				"INFOPLIST_KEY_UILaunchScreen_Generation[sdk=iphoneos*]" = YES;
				"INFOPLIST_KEY_UILaunchScreen_Generation[sdk=iphonesimulator*]" = YES;
				"INFOPLIST_KEY_UIStatusBarStyle[sdk=iphoneos*]" = UIStatusBarStyleDefault;
				"INFOPLIST_KEY_UIStatusBarStyle[sdk=iphonesimulator*]" = UIStatusBarStyleDefault;
				INFOPLIST_KEY_UISupportedInterfaceOrientations_iPad = "UIInterfaceOrientationPortrait UIInterfaceOrientationPortraitUpsideDown UIInterfaceOrientationLandscapeLeft UIInterfaceOrientationLandscapeRight";
				INFOPLIST_KEY_UISupportedInterfaceOrientations_iPhone = "UIInterfaceOrientationPortrait UIInterfaceOrientationLandscapeLeft UIInterfaceOrientationLandscapeRight";
				INFOPLIST_KEY_WKCompanionAppBundleIdentifier = br.com.angelicameira.DateCounter;
				INFOPLIST_KEY_WKRunsIndependentlyOfCompanionApp = YES;
				LD_RUNPATH_SEARCH_PATHS = "@executable_path/Frameworks";
				"LD_RUNPATH_SEARCH_PATHS[sdk=macosx*]" = "@executable_path/../Frameworks";
				PRODUCT_NAME = "$(TARGET_NAME)";
				SDKROOT = auto;
				SUPPORTED_PLATFORMS = "iphoneos iphonesimulator macosx watchsimulator watchos";
				SWIFT_EMIT_LOC_STRINGS = YES;
				SWIFT_VERSION = 5.0;
				TARGETED_DEVICE_FAMILY = "1,2";
			};
			name = Debug;
		};
		4369B8DB28ECB1E1007B7935 /* Release */ = {
			isa = XCBuildConfiguration;
			buildSettings = {
				ALWAYS_EMBED_SWIFT_STANDARD_LIBRARIES = YES;
				ASSETCATALOG_COMPILER_APPICON_NAME = AppIcon;
				ASSETCATALOG_COMPILER_GLOBAL_ACCENT_COLOR_NAME = AccentColor;
				CODE_SIGN_ENTITLEMENTS = DateCounter/DateCounter.entitlements;
				CODE_SIGN_STYLE = Automatic;
				CURRENT_PROJECT_VERSION = 1;
				DEAD_CODE_STRIPPING = YES;
				DEVELOPMENT_ASSET_PATHS = "\"DateCounter/Preview Content\"";
				DEVELOPMENT_TEAM = RGUPB9UU3P;
				ENABLE_PREVIEWS = YES;
				GENERATE_INFOPLIST_FILE = YES;
				INFOPLIST_FILE = DateCounter/Info.plist;
				INFOPLIST_KEY_CFBundleDisplayName = "Date Counter";
				INFOPLIST_KEY_LSApplicationCategoryType = "public.app-category.productivity";
				"INFOPLIST_KEY_UIApplicationSceneManifest_Generation[sdk=iphoneos*]" = YES;
				"INFOPLIST_KEY_UIApplicationSceneManifest_Generation[sdk=iphonesimulator*]" = YES;
				"INFOPLIST_KEY_UIApplicationSupportsIndirectInputEvents[sdk=iphoneos*]" = YES;
				"INFOPLIST_KEY_UIApplicationSupportsIndirectInputEvents[sdk=iphonesimulator*]" = YES;
				"INFOPLIST_KEY_UILaunchScreen_Generation[sdk=iphoneos*]" = YES;
				"INFOPLIST_KEY_UILaunchScreen_Generation[sdk=iphonesimulator*]" = YES;
				"INFOPLIST_KEY_UIStatusBarStyle[sdk=iphoneos*]" = UIStatusBarStyleDefault;
				"INFOPLIST_KEY_UIStatusBarStyle[sdk=iphonesimulator*]" = UIStatusBarStyleDefault;
				INFOPLIST_KEY_UISupportedInterfaceOrientations_iPad = "UIInterfaceOrientationPortrait UIInterfaceOrientationPortraitUpsideDown UIInterfaceOrientationLandscapeLeft UIInterfaceOrientationLandscapeRight";
				INFOPLIST_KEY_UISupportedInterfaceOrientations_iPhone = "UIInterfaceOrientationPortrait UIInterfaceOrientationLandscapeLeft UIInterfaceOrientationLandscapeRight";
				INFOPLIST_KEY_WKCompanionAppBundleIdentifier = br.com.angelicameira.DateCounter;
				INFOPLIST_KEY_WKRunsIndependentlyOfCompanionApp = YES;
				LD_RUNPATH_SEARCH_PATHS = "@executable_path/Frameworks";
				"LD_RUNPATH_SEARCH_PATHS[sdk=macosx*]" = "@executable_path/../Frameworks";
				PRODUCT_NAME = "$(TARGET_NAME)";
				SDKROOT = auto;
				SUPPORTED_PLATFORMS = "iphoneos iphonesimulator macosx watchsimulator watchos";
				SWIFT_EMIT_LOC_STRINGS = YES;
				SWIFT_VERSION = 5.0;
				TARGETED_DEVICE_FAMILY = "1,2";
			};
			name = Release;
		};
		4369B8DD28ECB1E1007B7935 /* Debug */ = {
			isa = XCBuildConfiguration;
			buildSettings = {
				ALWAYS_EMBED_SWIFT_STANDARD_LIBRARIES = YES;
				BUNDLE_LOADER = "$(TEST_HOST)";
				CODE_SIGN_STYLE = Automatic;
				CURRENT_PROJECT_VERSION = 1;
				DEAD_CODE_STRIPPING = YES;
				DEVELOPMENT_TEAM = RGUPB9UU3P;
				GENERATE_INFOPLIST_FILE = YES;
				PRODUCT_BUNDLE_IDENTIFIER = "$(PRODUCT_BUNDLE_IDENTIFIER)Tests";
				PRODUCT_NAME = "$(TARGET_NAME)";
				SDKROOT = auto;
				SUPPORTED_PLATFORMS = "iphoneos iphonesimulator macosx";
				SWIFT_EMIT_LOC_STRINGS = NO;
				SWIFT_VERSION = 5.0;
				TARGETED_DEVICE_FAMILY = "1,2";
				TEST_HOST = "$(BUILT_PRODUCTS_DIR)/TheDateCounter.app/$(BUNDLE_EXECUTABLE_FOLDER_PATH)/TheDateCounter";
			};
			name = Debug;
		};
		4369B8DE28ECB1E1007B7935 /* Release */ = {
			isa = XCBuildConfiguration;
			buildSettings = {
				ALWAYS_EMBED_SWIFT_STANDARD_LIBRARIES = YES;
				BUNDLE_LOADER = "$(TEST_HOST)";
				CODE_SIGN_STYLE = Automatic;
				CURRENT_PROJECT_VERSION = 1;
				DEAD_CODE_STRIPPING = YES;
				DEVELOPMENT_TEAM = RGUPB9UU3P;
				GENERATE_INFOPLIST_FILE = YES;
				PRODUCT_BUNDLE_IDENTIFIER = "$(PRODUCT_BUNDLE_IDENTIFIER)Tests";
				PRODUCT_NAME = "$(TARGET_NAME)";
				SDKROOT = auto;
				SUPPORTED_PLATFORMS = "iphoneos iphonesimulator macosx";
				SWIFT_EMIT_LOC_STRINGS = NO;
				SWIFT_VERSION = 5.0;
				TARGETED_DEVICE_FAMILY = "1,2";
				TEST_HOST = "$(BUILT_PRODUCTS_DIR)/TheDateCounter.app/$(BUNDLE_EXECUTABLE_FOLDER_PATH)/TheDateCounter";
			};
			name = Release;
		};
		4369B8E028ECB1E1007B7935 /* Debug */ = {
			isa = XCBuildConfiguration;
			buildSettings = {
				ALWAYS_EMBED_SWIFT_STANDARD_LIBRARIES = YES;
				CODE_SIGN_STYLE = Automatic;
				CURRENT_PROJECT_VERSION = 1;
				DEAD_CODE_STRIPPING = YES;
				DEVELOPMENT_TEAM = RGUPB9UU3P;
				GENERATE_INFOPLIST_FILE = YES;
				PRODUCT_BUNDLE_IDENTIFIER = "$(PRODUCT_BUNDLE_IDENTIFIER)UITests";
				PRODUCT_NAME = "$(TARGET_NAME)";
				PROVISIONING_PROFILE = "";
				SDKROOT = auto;
				SUPPORTED_PLATFORMS = "iphoneos iphonesimulator macosx";
				SWIFT_EMIT_LOC_STRINGS = NO;
				SWIFT_VERSION = 5.0;
				TARGETED_DEVICE_FAMILY = "1,2";
				TEST_TARGET_NAME = TheDateCounter;
			};
			name = Debug;
		};
		4369B8E128ECB1E1007B7935 /* Release */ = {
			isa = XCBuildConfiguration;
			buildSettings = {
				ALWAYS_EMBED_SWIFT_STANDARD_LIBRARIES = YES;
				CODE_SIGN_STYLE = Automatic;
				CURRENT_PROJECT_VERSION = 1;
				DEAD_CODE_STRIPPING = YES;
				DEVELOPMENT_TEAM = RGUPB9UU3P;
				GENERATE_INFOPLIST_FILE = YES;
				PRODUCT_BUNDLE_IDENTIFIER = "$(PRODUCT_BUNDLE_IDENTIFIER)UITests";
				PRODUCT_NAME = "$(TARGET_NAME)";
				PROVISIONING_PROFILE = "";
				SDKROOT = auto;
				SUPPORTED_PLATFORMS = "iphoneos iphonesimulator macosx";
				SWIFT_EMIT_LOC_STRINGS = NO;
				SWIFT_VERSION = 5.0;
				TARGETED_DEVICE_FAMILY = "1,2";
				TEST_TARGET_NAME = TheDateCounter;
			};
			name = Release;
		};
		BFA47017294537DB00CC6381 /* Debug */ = {
			isa = XCBuildConfiguration;
			buildSettings = {
				ALWAYS_EMBED_SWIFT_STANDARD_LIBRARIES = YES;
				CODE_SIGN_STYLE = Automatic;
				CURRENT_PROJECT_VERSION = 1;
				DEAD_CODE_STRIPPING = YES;
				DEVELOPMENT_TEAM = RGUPB9UU3P;
				GENERATE_INFOPLIST_FILE = YES;
				PRODUCT_BUNDLE_IDENTIFIER = "$(PRODUCT_BUNDLE_IDENTIFIER)UITests";
				PRODUCT_NAME = "$(TARGET_NAME)";
				PROVISIONING_PROFILE = "";
				SDKROOT = auto;
				SUPPORTED_PLATFORMS = "iphoneos iphonesimulator macosx";
				SWIFT_EMIT_LOC_STRINGS = NO;
				SWIFT_VERSION = 5.0;
				TARGETED_DEVICE_FAMILY = "1,2";
				TEST_TARGET_NAME = TheDateCounter;
			};
			name = Debug;
		};
		BFA47018294537DB00CC6381 /* Test */ = {
			isa = XCBuildConfiguration;
			buildSettings = {
				ALWAYS_EMBED_SWIFT_STANDARD_LIBRARIES = YES;
				CODE_SIGN_STYLE = Automatic;
				CURRENT_PROJECT_VERSION = 1;
				DEAD_CODE_STRIPPING = YES;
				DEVELOPMENT_TEAM = RGUPB9UU3P;
				GENERATE_INFOPLIST_FILE = YES;
				PRODUCT_BUNDLE_IDENTIFIER = "$(PRODUCT_BUNDLE_IDENTIFIER)UITests";
				PRODUCT_NAME = "$(TARGET_NAME)";
				PROVISIONING_PROFILE = "";
				SDKROOT = auto;
				SUPPORTED_PLATFORMS = "iphoneos iphonesimulator macosx";
				SWIFT_EMIT_LOC_STRINGS = NO;
				SWIFT_VERSION = 5.0;
				TARGETED_DEVICE_FAMILY = "1,2";
				TEST_TARGET_NAME = TheDateCounter;
			};
			name = Test;
		};
		BFA47019294537DB00CC6381 /* Release */ = {
			isa = XCBuildConfiguration;
			buildSettings = {
				ALWAYS_EMBED_SWIFT_STANDARD_LIBRARIES = YES;
				CODE_SIGN_STYLE = Automatic;
				CURRENT_PROJECT_VERSION = 1;
				DEAD_CODE_STRIPPING = YES;
				DEVELOPMENT_TEAM = RGUPB9UU3P;
				GENERATE_INFOPLIST_FILE = YES;
				PRODUCT_BUNDLE_IDENTIFIER = "$(PRODUCT_BUNDLE_IDENTIFIER)UITests";
				PRODUCT_NAME = "$(TARGET_NAME)";
				PROVISIONING_PROFILE = "";
				SDKROOT = auto;
				SUPPORTED_PLATFORMS = "iphoneos iphonesimulator macosx";
				SWIFT_EMIT_LOC_STRINGS = NO;
				SWIFT_VERSION = 5.0;
				TARGETED_DEVICE_FAMILY = "1,2";
				TEST_TARGET_NAME = TheDateCounter;
			};
			name = Release;
		};
/* End XCBuildConfiguration section */

/* Begin XCConfigurationList section */
		433C6E802946AE55003914A0 /* Build configuration list for PBXNativeTarget "DateCounter Watch App" */ = {
			isa = XCConfigurationList;
			buildConfigurations = (
				433C6E812946AE55003914A0 /* Debug */,
				433C6E822946AE55003914A0 /* Test */,
				433C6E832946AE55003914A0 /* Release */,
			);
			defaultConfigurationIsVisible = 0;
			defaultConfigurationName = Release;
		};
		433C6E852946AE55003914A0 /* Build configuration list for PBXNativeTarget "DateCounter Watch AppTests" */ = {
			isa = XCConfigurationList;
			buildConfigurations = (
				433C6E862946AE55003914A0 /* Debug */,
				433C6E872946AE55003914A0 /* Test */,
				433C6E882946AE55003914A0 /* Release */,
			);
			defaultConfigurationIsVisible = 0;
			defaultConfigurationName = Release;
		};
		433C6E892946AE55003914A0 /* Build configuration list for PBXNativeTarget "DateCounter Watch AppUITests" */ = {
			isa = XCConfigurationList;
			buildConfigurations = (
				433C6E8A2946AE55003914A0 /* Debug */,
				433C6E8B2946AE55003914A0 /* Test */,
				433C6E8C2946AE55003914A0 /* Release */,
			);
			defaultConfigurationIsVisible = 0;
			defaultConfigurationName = Release;
		};
		435D4797291B1EBB006714A3 /* Build configuration list for PBXNativeTarget "WidgetsExtension" */ = {
			isa = XCConfigurationList;
			buildConfigurations = (
				435D4795291B1EBB006714A3 /* Debug */,
				4356870329382A51005B0318 /* Test */,
				435D4796291B1EBB006714A3 /* Release */,
			);
			defaultConfigurationIsVisible = 0;
			defaultConfigurationName = Release;
		};
		435D47BD291F2515006714A3 /* Build configuration list for PBXNativeTarget "EventIntentsUI" */ = {
			isa = XCConfigurationList;
			buildConfigurations = (
				435D47BE291F2515006714A3 /* Debug */,
				4356870529382A51005B0318 /* Test */,
				435D47BF291F2515006714A3 /* Release */,
			);
			defaultConfigurationIsVisible = 0;
			defaultConfigurationName = Release;
		};
		435D47C0291F2515006714A3 /* Build configuration list for PBXNativeTarget "EventIntents" */ = {
			isa = XCConfigurationList;
			buildConfigurations = (
				435D47C1291F2515006714A3 /* Debug */,
				4356870429382A51005B0318 /* Test */,
				435D47C2291F2515006714A3 /* Release */,
			);
			defaultConfigurationIsVisible = 0;
			defaultConfigurationName = Release;
		};
		4369B8AA28ECB1E0007B7935 /* Build configuration list for PBXProject "DateCounter" */ = {
			isa = XCConfigurationList;
			buildConfigurations = (
				4369B8D728ECB1E1007B7935 /* Debug */,
				435686FF29382A51005B0318 /* Test */,
				4369B8D828ECB1E1007B7935 /* Release */,
			);
			defaultConfigurationIsVisible = 0;
			defaultConfigurationName = Release;
		};
		4369B8D928ECB1E1007B7935 /* Build configuration list for PBXNativeTarget "TheDateCounter" */ = {
			isa = XCConfigurationList;
			buildConfigurations = (
				4369B8DA28ECB1E1007B7935 /* Debug */,
				4356870029382A51005B0318 /* Test */,
				4369B8DB28ECB1E1007B7935 /* Release */,
			);
			defaultConfigurationIsVisible = 0;
			defaultConfigurationName = Release;
		};
		4369B8DC28ECB1E1007B7935 /* Build configuration list for PBXNativeTarget "DateCounterTests" */ = {
			isa = XCConfigurationList;
			buildConfigurations = (
				4369B8DD28ECB1E1007B7935 /* Debug */,
				4356870129382A51005B0318 /* Test */,
				4369B8DE28ECB1E1007B7935 /* Release */,
			);
			defaultConfigurationIsVisible = 0;
			defaultConfigurationName = Release;
		};
		4369B8DF28ECB1E1007B7935 /* Build configuration list for PBXNativeTarget "DateCounterUITests" */ = {
			isa = XCConfigurationList;
			buildConfigurations = (
				4369B8E028ECB1E1007B7935 /* Debug */,
				4356870229382A51005B0318 /* Test */,
				4369B8E128ECB1E1007B7935 /* Release */,
			);
			defaultConfigurationIsVisible = 0;
			defaultConfigurationName = Release;
		};
		BFA47016294537DB00CC6381 /* Build configuration list for PBXNativeTarget "DateCounterUIPerformanceTests" */ = {
			isa = XCConfigurationList;
			buildConfigurations = (
				BFA47017294537DB00CC6381 /* Debug */,
				BFA47018294537DB00CC6381 /* Test */,
				BFA47019294537DB00CC6381 /* Release */,
			);
			defaultConfigurationIsVisible = 0;
			defaultConfigurationName = Release;
		};
/* End XCConfigurationList section */

/* Begin XCRemoteSwiftPackageReference section */
		433C6EA62946B1ED003914A0 /* XCRemoteSwiftPackageReference "watch-date-picker" */ = {
			isa = XCRemoteSwiftPackageReference;
			repositoryURL = "https://github.com/antoniogermano/watch-date-picker";
			requirement = {
				kind = upToNextMajorVersion;
				minimumVersion = 0.1.1;
			};
		};
/* End XCRemoteSwiftPackageReference section */

/* Begin XCSwiftPackageProductDependency section */
		433C6EA72946B1ED003914A0 /* WatchDatePicker */ = {
			isa = XCSwiftPackageProductDependency;
			package = 433C6EA62946B1ED003914A0 /* XCRemoteSwiftPackageReference "watch-date-picker" */;
			productName = WatchDatePicker;
		};
/* End XCSwiftPackageProductDependency section */

/* Begin XCVersionGroup section */
		4369B8B628ECB1E0007B7935 /* DateCounter.xcdatamodeld */ = {
			isa = XCVersionGroup;
			children = (
				4369B8B728ECB1E0007B7935 /* DateCounter.xcdatamodel */,
			);
			currentVersion = 4369B8B728ECB1E0007B7935 /* DateCounter.xcdatamodel */;
			path = DateCounter.xcdatamodeld;
			sourceTree = "<group>";
			versionGroupType = wrapper.xcdatamodel;
		};
/* End XCVersionGroup section */
	};
	rootObject = 4369B8A728ECB1E0007B7935 /* Project object */;
}
